
Microsoft Visual Studio Solution File, Format Version 12.00
# Visual Studio 15
VisualStudioVersion = 15.0.28307.136
MinimumVisualStudioVersion = 10.0.40219.1
Project("{FAE04EC0-301F-11D3-BF4B-00C04F79EFBC}") = "test.Android", "test\test.Android\test.Android.csproj", "{2D6B4AD2-55E2-464F-A8A7-641A6476D6DF}"
EndProject
Project("{FAE04EC0-301F-11D3-BF4B-00C04F79EFBC}") = "test.iOS", "test\test.iOS\test.iOS.csproj", "{97D8E9EB-E404-4FA2-98D1-FACBC9F717A1}"
EndProject
Project("{FAE04EC0-301F-11D3-BF4B-00C04F79EFBC}") = "test.UWP", "test\test.UWP\test.UWP.csproj", "{27590AAA-3349-4748-AB49-3ECEF9EF432C}"
EndProject
Project("{FAE04EC0-301F-11D3-BF4B-00C04F79EFBC}") = "test", "test\test\test.csproj", "{F2150D00-93A4-44D7-A610-784EFD80F599}"
EndProject
Global
	GlobalSection(SolutionConfigurationPlatforms) = preSolution
		Ad-Hoc|Any CPU = Ad-Hoc|Any CPU
		Ad-Hoc|ARM = Ad-Hoc|ARM
		Ad-Hoc|iPhone = Ad-Hoc|iPhone
		Ad-Hoc|iPhoneSimulator = Ad-Hoc|iPhoneSimulator
		Ad-Hoc|x64 = Ad-Hoc|x64
		Ad-Hoc|x86 = Ad-Hoc|x86
		AppStore|Any CPU = AppStore|Any CPU
		AppStore|ARM = AppStore|ARM
		AppStore|iPhone = AppStore|iPhone
		AppStore|iPhoneSimulator = AppStore|iPhoneSimulator
		AppStore|x64 = AppStore|x64
		AppStore|x86 = AppStore|x86
		Debug|Any CPU = Debug|Any CPU
		Debug|ARM = Debug|ARM
		Debug|iPhone = Debug|iPhone
		Debug|iPhoneSimulator = Debug|iPhoneSimulator
		Debug|x64 = Debug|x64
		Debug|x86 = Debug|x86
		Release|Any CPU = Release|Any CPU
		Release|ARM = Release|ARM
		Release|iPhone = Release|iPhone
		Release|iPhoneSimulator = Release|iPhoneSimulator
		Release|x64 = Release|x64
		Release|x86 = Release|x86
	EndGlobalSection
	GlobalSection(ProjectConfigurationPlatforms) = postSolution
		{2D6B4AD2-55E2-464F-A8A7-641A6476D6DF}.Ad-Hoc|Any CPU.ActiveCfg = Release|Any CPU
		{2D6B4AD2-55E2-464F-A8A7-641A6476D6DF}.Ad-Hoc|Any CPU.Build.0 = Release|Any CPU
		{2D6B4AD2-55E2-464F-A8A7-641A6476D6DF}.Ad-Hoc|Any CPU.Deploy.0 = Release|Any CPU
		{2D6B4AD2-55E2-464F-A8A7-641A6476D6DF}.Ad-Hoc|ARM.ActiveCfg = Release|Any CPU
		{2D6B4AD2-55E2-464F-A8A7-641A6476D6DF}.Ad-Hoc|ARM.Build.0 = Release|Any CPU
		{2D6B4AD2-55E2-464F-A8A7-641A6476D6DF}.Ad-Hoc|ARM.Deploy.0 = Release|Any CPU
		{2D6B4AD2-55E2-464F-A8A7-641A6476D6DF}.Ad-Hoc|iPhone.ActiveCfg = Release|Any CPU
		{2D6B4AD2-55E2-464F-A8A7-641A6476D6DF}.Ad-Hoc|iPhone.Build.0 = Release|Any CPU
		{2D6B4AD2-55E2-464F-A8A7-641A6476D6DF}.Ad-Hoc|iPhone.Deploy.0 = Release|Any CPU
		{2D6B4AD2-55E2-464F-A8A7-641A6476D6DF}.Ad-Hoc|iPhoneSimulator.ActiveCfg = Release|Any CPU
		{2D6B4AD2-55E2-464F-A8A7-641A6476D6DF}.Ad-Hoc|iPhoneSimulator.Build.0 = Release|Any CPU
		{2D6B4AD2-55E2-464F-A8A7-641A6476D6DF}.Ad-Hoc|iPhoneSimulator.Deploy.0 = Release|Any CPU
		{2D6B4AD2-55E2-464F-A8A7-641A6476D6DF}.Ad-Hoc|x64.ActiveCfg = Release|Any CPU
		{2D6B4AD2-55E2-464F-A8A7-641A6476D6DF}.Ad-Hoc|x64.Build.0 = Release|Any CPU
		{2D6B4AD2-55E2-464F-A8A7-641A6476D6DF}.Ad-Hoc|x64.Deploy.0 = Release|Any CPU
		{2D6B4AD2-55E2-464F-A8A7-641A6476D6DF}.Ad-Hoc|x86.ActiveCfg = Release|Any CPU
		{2D6B4AD2-55E2-464F-A8A7-641A6476D6DF}.Ad-Hoc|x86.Build.0 = Release|Any CPU
		{2D6B4AD2-55E2-464F-A8A7-641A6476D6DF}.Ad-Hoc|x86.Deploy.0 = Release|Any CPU
		{2D6B4AD2-55E2-464F-A8A7-641A6476D6DF}.AppStore|Any CPU.ActiveCfg = Release|Any CPU
		{2D6B4AD2-55E2-464F-A8A7-641A6476D6DF}.AppStore|Any CPU.Build.0 = Release|Any CPU
		{2D6B4AD2-55E2-464F-A8A7-641A6476D6DF}.AppStore|Any CPU.Deploy.0 = Release|Any CPU
		{2D6B4AD2-55E2-464F-A8A7-641A6476D6DF}.AppStore|ARM.ActiveCfg = Release|Any CPU
		{2D6B4AD2-55E2-464F-A8A7-641A6476D6DF}.AppStore|ARM.Build.0 = Release|Any CPU
		{2D6B4AD2-55E2-464F-A8A7-641A6476D6DF}.AppStore|ARM.Deploy.0 = Release|Any CPU
		{2D6B4AD2-55E2-464F-A8A7-641A6476D6DF}.AppStore|iPhone.ActiveCfg = Release|Any CPU
		{2D6B4AD2-55E2-464F-A8A7-641A6476D6DF}.AppStore|iPhone.Build.0 = Release|Any CPU
		{2D6B4AD2-55E2-464F-A8A7-641A6476D6DF}.AppStore|iPhone.Deploy.0 = Release|Any CPU
		{2D6B4AD2-55E2-464F-A8A7-641A6476D6DF}.AppStore|iPhoneSimulator.ActiveCfg = Release|Any CPU
		{2D6B4AD2-55E2-464F-A8A7-641A6476D6DF}.AppStore|iPhoneSimulator.Build.0 = Release|Any CPU
		{2D6B4AD2-55E2-464F-A8A7-641A6476D6DF}.AppStore|iPhoneSimulator.Deploy.0 = Release|Any CPU
		{2D6B4AD2-55E2-464F-A8A7-641A6476D6DF}.AppStore|x64.ActiveCfg = Release|Any CPU
		{2D6B4AD2-55E2-464F-A8A7-641A6476D6DF}.AppStore|x64.Build.0 = Release|Any CPU
		{2D6B4AD2-55E2-464F-A8A7-641A6476D6DF}.AppStore|x64.Deploy.0 = Release|Any CPU
		{2D6B4AD2-55E2-464F-A8A7-641A6476D6DF}.AppStore|x86.ActiveCfg = Release|Any CPU
		{2D6B4AD2-55E2-464F-A8A7-641A6476D6DF}.AppStore|x86.Build.0 = Release|Any CPU
		{2D6B4AD2-55E2-464F-A8A7-641A6476D6DF}.AppStore|x86.Deploy.0 = Release|Any CPU
		{2D6B4AD2-55E2-464F-A8A7-641A6476D6DF}.Debug|Any CPU.ActiveCfg = Debug|Any CPU
		{2D6B4AD2-55E2-464F-A8A7-641A6476D6DF}.Debug|Any CPU.Build.0 = Debug|Any CPU
		{2D6B4AD2-55E2-464F-A8A7-641A6476D6DF}.Debug|Any CPU.Deploy.0 = Debug|Any CPU
		{2D6B4AD2-55E2-464F-A8A7-641A6476D6DF}.Debug|ARM.ActiveCfg = Debug|Any CPU
		{2D6B4AD2-55E2-464F-A8A7-641A6476D6DF}.Debug|ARM.Build.0 = Debug|Any CPU
		{2D6B4AD2-55E2-464F-A8A7-641A6476D6DF}.Debug|ARM.Deploy.0 = Debug|Any CPU
		{2D6B4AD2-55E2-464F-A8A7-641A6476D6DF}.Debug|iPhone.ActiveCfg = Debug|Any CPU
		{2D6B4AD2-55E2-464F-A8A7-641A6476D6DF}.Debug|iPhone.Build.0 = Debug|Any CPU
		{2D6B4AD2-55E2-464F-A8A7-641A6476D6DF}.Debug|iPhone.Deploy.0 = Debug|Any CPU
		{2D6B4AD2-55E2-464F-A8A7-641A6476D6DF}.Debug|iPhoneSimulator.ActiveCfg = Debug|Any CPU
		{2D6B4AD2-55E2-464F-A8A7-641A6476D6DF}.Debug|iPhoneSimulator.Build.0 = Debug|Any CPU
		{2D6B4AD2-55E2-464F-A8A7-641A6476D6DF}.Debug|iPhoneSimulator.Deploy.0 = Debug|Any CPU
		{2D6B4AD2-55E2-464F-A8A7-641A6476D6DF}.Debug|x64.ActiveCfg = Debug|Any CPU
		{2D6B4AD2-55E2-464F-A8A7-641A6476D6DF}.Debug|x64.Build.0 = Debug|Any CPU
		{2D6B4AD2-55E2-464F-A8A7-641A6476D6DF}.Debug|x64.Deploy.0 = Debug|Any CPU
		{2D6B4AD2-55E2-464F-A8A7-641A6476D6DF}.Debug|x86.ActiveCfg = Debug|Any CPU
		{2D6B4AD2-55E2-464F-A8A7-641A6476D6DF}.Debug|x86.Build.0 = Debug|Any CPU
		{2D6B4AD2-55E2-464F-A8A7-641A6476D6DF}.Debug|x86.Deploy.0 = Debug|Any CPU
		{2D6B4AD2-55E2-464F-A8A7-641A6476D6DF}.Release|Any CPU.ActiveCfg = Release|Any CPU
		{2D6B4AD2-55E2-464F-A8A7-641A6476D6DF}.Release|Any CPU.Build.0 = Release|Any CPU
		{2D6B4AD2-55E2-464F-A8A7-641A6476D6DF}.Release|Any CPU.Deploy.0 = Release|Any CPU
		{2D6B4AD2-55E2-464F-A8A7-641A6476D6DF}.Release|ARM.ActiveCfg = Release|Any CPU
		{2D6B4AD2-55E2-464F-A8A7-641A6476D6DF}.Release|ARM.Build.0 = Release|Any CPU
		{2D6B4AD2-55E2-464F-A8A7-641A6476D6DF}.Release|ARM.Deploy.0 = Release|Any CPU
		{2D6B4AD2-55E2-464F-A8A7-641A6476D6DF}.Release|iPhone.ActiveCfg = Release|Any CPU
		{2D6B4AD2-55E2-464F-A8A7-641A6476D6DF}.Release|iPhone.Build.0 = Release|Any CPU
		{2D6B4AD2-55E2-464F-A8A7-641A6476D6DF}.Release|iPhone.Deploy.0 = Release|Any CPU
		{2D6B4AD2-55E2-464F-A8A7-641A6476D6DF}.Release|iPhoneSimulator.ActiveCfg = Release|Any CPU
		{2D6B4AD2-55E2-464F-A8A7-641A6476D6DF}.Release|iPhoneSimulator.Build.0 = Release|Any CPU
		{2D6B4AD2-55E2-464F-A8A7-641A6476D6DF}.Release|iPhoneSimulator.Deploy.0 = Release|Any CPU
		{2D6B4AD2-55E2-464F-A8A7-641A6476D6DF}.Release|x64.ActiveCfg = Release|Any CPU
		{2D6B4AD2-55E2-464F-A8A7-641A6476D6DF}.Release|x64.Build.0 = Release|Any CPU
		{2D6B4AD2-55E2-464F-A8A7-641A6476D6DF}.Release|x64.Deploy.0 = Release|Any CPU
		{2D6B4AD2-55E2-464F-A8A7-641A6476D6DF}.Release|x86.ActiveCfg = Release|Any CPU
		{2D6B4AD2-55E2-464F-A8A7-641A6476D6DF}.Release|x86.Build.0 = Release|Any CPU
		{2D6B4AD2-55E2-464F-A8A7-641A6476D6DF}.Release|x86.Deploy.0 = Release|Any CPU
		{97D8E9EB-E404-4FA2-98D1-FACBC9F717A1}.Ad-Hoc|Any CPU.ActiveCfg = Ad-Hoc|iPhone
		{97D8E9EB-E404-4FA2-98D1-FACBC9F717A1}.Ad-Hoc|Any CPU.Build.0 = Ad-Hoc|iPhone
		{97D8E9EB-E404-4FA2-98D1-FACBC9F717A1}.Ad-Hoc|Any CPU.Deploy.0 = Ad-Hoc|iPhone
		{97D8E9EB-E404-4FA2-98D1-FACBC9F717A1}.Ad-Hoc|ARM.ActiveCfg = Ad-Hoc|iPhone
		{97D8E9EB-E404-4FA2-98D1-FACBC9F717A1}.Ad-Hoc|ARM.Build.0 = Ad-Hoc|iPhone
		{97D8E9EB-E404-4FA2-98D1-FACBC9F717A1}.Ad-Hoc|ARM.Deploy.0 = Ad-Hoc|iPhone
		{97D8E9EB-E404-4FA2-98D1-FACBC9F717A1}.Ad-Hoc|iPhone.ActiveCfg = Ad-Hoc|iPhone
		{97D8E9EB-E404-4FA2-98D1-FACBC9F717A1}.Ad-Hoc|iPhone.Build.0 = Ad-Hoc|iPhone
		{97D8E9EB-E404-4FA2-98D1-FACBC9F717A1}.Ad-Hoc|iPhone.Deploy.0 = Ad-Hoc|iPhone
		{97D8E9EB-E404-4FA2-98D1-FACBC9F717A1}.Ad-Hoc|iPhoneSimulator.ActiveCfg = Ad-Hoc|iPhoneSimulator
		{97D8E9EB-E404-4FA2-98D1-FACBC9F717A1}.Ad-Hoc|iPhoneSimulator.Build.0 = Ad-Hoc|iPhoneSimulator
		{97D8E9EB-E404-4FA2-98D1-FACBC9F717A1}.Ad-Hoc|iPhoneSimulator.Deploy.0 = Ad-Hoc|iPhoneSimulator
		{97D8E9EB-E404-4FA2-98D1-FACBC9F717A1}.Ad-Hoc|x64.ActiveCfg = Ad-Hoc|iPhone
		{97D8E9EB-E404-4FA2-98D1-FACBC9F717A1}.Ad-Hoc|x64.Build.0 = Ad-Hoc|iPhone
		{97D8E9EB-E404-4FA2-98D1-FACBC9F717A1}.Ad-Hoc|x64.Deploy.0 = Ad-Hoc|iPhone
		{97D8E9EB-E404-4FA2-98D1-FACBC9F717A1}.Ad-Hoc|x86.ActiveCfg = Ad-Hoc|iPhone
		{97D8E9EB-E404-4FA2-98D1-FACBC9F717A1}.Ad-Hoc|x86.Build.0 = Ad-Hoc|iPhone
		{97D8E9EB-E404-4FA2-98D1-FACBC9F717A1}.Ad-Hoc|x86.Deploy.0 = Ad-Hoc|iPhone
		{97D8E9EB-E404-4FA2-98D1-FACBC9F717A1}.AppStore|Any CPU.ActiveCfg = AppStore|iPhone
		{97D8E9EB-E404-4FA2-98D1-FACBC9F717A1}.AppStore|Any CPU.Build.0 = AppStore|iPhone
		{97D8E9EB-E404-4FA2-98D1-FACBC9F717A1}.AppStore|Any CPU.Deploy.0 = AppStore|iPhone
		{97D8E9EB-E404-4FA2-98D1-FACBC9F717A1}.AppStore|ARM.ActiveCfg = AppStore|iPhone
		{97D8E9EB-E404-4FA2-98D1-FACBC9F717A1}.AppStore|ARM.Build.0 = AppStore|iPhone
		{97D8E9EB-E404-4FA2-98D1-FACBC9F717A1}.AppStore|ARM.Deploy.0 = AppStore|iPhone
		{97D8E9EB-E404-4FA2-98D1-FACBC9F717A1}.AppStore|iPhone.ActiveCfg = AppStore|iPhone
		{97D8E9EB-E404-4FA2-98D1-FACBC9F717A1}.AppStore|iPhone.Build.0 = AppStore|iPhone
		{97D8E9EB-E404-4FA2-98D1-FACBC9F717A1}.AppStore|iPhone.Deploy.0 = AppStore|iPhone
		{97D8E9EB-E404-4FA2-98D1-FACBC9F717A1}.AppStore|iPhoneSimulator.ActiveCfg = AppStore|iPhoneSimulator
		{97D8E9EB-E404-4FA2-98D1-FACBC9F717A1}.AppStore|iPhoneSimulator.Build.0 = AppStore|iPhoneSimulator
		{97D8E9EB-E404-4FA2-98D1-FACBC9F717A1}.AppStore|iPhoneSimulator.Deploy.0 = AppStore|iPhoneSimulator
		{97D8E9EB-E404-4FA2-98D1-FACBC9F717A1}.AppStore|x64.ActiveCfg = AppStore|iPhone
		{97D8E9EB-E404-4FA2-98D1-FACBC9F717A1}.AppStore|x64.Build.0 = AppStore|iPhone
		{97D8E9EB-E404-4FA2-98D1-FACBC9F717A1}.AppStore|x64.Deploy.0 = AppStore|iPhone
		{97D8E9EB-E404-4FA2-98D1-FACBC9F717A1}.AppStore|x86.ActiveCfg = AppStore|iPhone
		{97D8E9EB-E404-4FA2-98D1-FACBC9F717A1}.AppStore|x86.Build.0 = AppStore|iPhone
		{97D8E9EB-E404-4FA2-98D1-FACBC9F717A1}.AppStore|x86.Deploy.0 = AppStore|iPhone
		{97D8E9EB-E404-4FA2-98D1-FACBC9F717A1}.Debug|Any CPU.ActiveCfg = Debug|iPhoneSimulator
		{97D8E9EB-E404-4FA2-98D1-FACBC9F717A1}.Debug|Any CPU.Build.0 = Debug|iPhoneSimulator
		{97D8E9EB-E404-4FA2-98D1-FACBC9F717A1}.Debug|Any CPU.Deploy.0 = Debug|iPhoneSimulator
		{97D8E9EB-E404-4FA2-98D1-FACBC9F717A1}.Debug|ARM.ActiveCfg = Debug|iPhone
		{97D8E9EB-E404-4FA2-98D1-FACBC9F717A1}.Debug|ARM.Build.0 = Debug|iPhone
		{97D8E9EB-E404-4FA2-98D1-FACBC9F717A1}.Debug|ARM.Deploy.0 = Debug|iPhone
		{97D8E9EB-E404-4FA2-98D1-FACBC9F717A1}.Debug|iPhone.ActiveCfg = Debug|iPhone
		{97D8E9EB-E404-4FA2-98D1-FACBC9F717A1}.Debug|iPhone.Build.0 = Debug|iPhone
		{97D8E9EB-E404-4FA2-98D1-FACBC9F717A1}.Debug|iPhone.Deploy.0 = Debug|iPhone
		{97D8E9EB-E404-4FA2-98D1-FACBC9F717A1}.Debug|iPhoneSimulator.ActiveCfg = Debug|iPhoneSimulator
		{97D8E9EB-E404-4FA2-98D1-FACBC9F717A1}.Debug|iPhoneSimulator.Build.0 = Debug|iPhoneSimulator
		{97D8E9EB-E404-4FA2-98D1-FACBC9F717A1}.Debug|iPhoneSimulator.Deploy.0 = Debug|iPhoneSimulator
		{97D8E9EB-E404-4FA2-98D1-FACBC9F717A1}.Debug|x64.ActiveCfg = Debug|iPhone
		{97D8E9EB-E404-4FA2-98D1-FACBC9F717A1}.Debug|x64.Build.0 = Debug|iPhone
		{97D8E9EB-E404-4FA2-98D1-FACBC9F717A1}.Debug|x64.Deploy.0 = Debug|iPhone
		{97D8E9EB-E404-4FA2-98D1-FACBC9F717A1}.Debug|x86.ActiveCfg = Debug|iPhone
		{97D8E9EB-E404-4FA2-98D1-FACBC9F717A1}.Debug|x86.Build.0 = Debug|iPhone
		{97D8E9EB-E404-4FA2-98D1-FACBC9F717A1}.Debug|x86.Deploy.0 = Debug|iPhone
		{97D8E9EB-E404-4FA2-98D1-FACBC9F717A1}.Release|Any CPU.ActiveCfg = Release|iPhone
		{97D8E9EB-E404-4FA2-98D1-FACBC9F717A1}.Release|Any CPU.Build.0 = Release|iPhone
		{97D8E9EB-E404-4FA2-98D1-FACBC9F717A1}.Release|Any CPU.Deploy.0 = Release|iPhone
		{97D8E9EB-E404-4FA2-98D1-FACBC9F717A1}.Release|ARM.ActiveCfg = Release|iPhone
		{97D8E9EB-E404-4FA2-98D1-FACBC9F717A1}.Release|ARM.Build.0 = Release|iPhone
		{97D8E9EB-E404-4FA2-98D1-FACBC9F717A1}.Release|ARM.Deploy.0 = Release|iPhone
		{97D8E9EB-E404-4FA2-98D1-FACBC9F717A1}.Release|iPhone.ActiveCfg = Release|iPhone
		{97D8E9EB-E404-4FA2-98D1-FACBC9F717A1}.Release|iPhone.Build.0 = Release|iPhone
		{97D8E9EB-E404-4FA2-98D1-FACBC9F717A1}.Release|iPhone.Deploy.0 = Release|iPhone
		{97D8E9EB-E404-4FA2-98D1-FACBC9F717A1}.Release|iPhoneSimulator.ActiveCfg = Release|iPhoneSimulator
		{97D8E9EB-E404-4FA2-98D1-FACBC9F717A1}.Release|iPhoneSimulator.Build.0 = Release|iPhoneSimulator
		{97D8E9EB-E404-4FA2-98D1-FACBC9F717A1}.Release|iPhoneSimulator.Deploy.0 = Release|iPhoneSimulator
		{97D8E9EB-E404-4FA2-98D1-FACBC9F717A1}.Release|x64.ActiveCfg = Release|iPhone
		{97D8E9EB-E404-4FA2-98D1-FACBC9F717A1}.Release|x64.Build.0 = Release|iPhone
		{97D8E9EB-E404-4FA2-98D1-FACBC9F717A1}.Release|x64.Deploy.0 = Release|iPhone
		{97D8E9EB-E404-4FA2-98D1-FACBC9F717A1}.Release|x86.ActiveCfg = Release|iPhone
		{97D8E9EB-E404-4FA2-98D1-FACBC9F717A1}.Release|x86.Build.0 = Release|iPhone
		{97D8E9EB-E404-4FA2-98D1-FACBC9F717A1}.Release|x86.Deploy.0 = Release|iPhone
		{27590AAA-3349-4748-AB49-3ECEF9EF432C}.Ad-Hoc|Any CPU.ActiveCfg = Release|x86
		{27590AAA-3349-4748-AB49-3ECEF9EF432C}.Ad-Hoc|Any CPU.Build.0 = Release|x86
		{27590AAA-3349-4748-AB49-3ECEF9EF432C}.Ad-Hoc|Any CPU.Deploy.0 = Release|x86
		{27590AAA-3349-4748-AB49-3ECEF9EF432C}.Ad-Hoc|ARM.ActiveCfg = Release|ARM
		{27590AAA-3349-4748-AB49-3ECEF9EF432C}.Ad-Hoc|ARM.Build.0 = Release|ARM
		{27590AAA-3349-4748-AB49-3ECEF9EF432C}.Ad-Hoc|ARM.Deploy.0 = Release|ARM
		{27590AAA-3349-4748-AB49-3ECEF9EF432C}.Ad-Hoc|iPhone.ActiveCfg = Release|x86
		{27590AAA-3349-4748-AB49-3ECEF9EF432C}.Ad-Hoc|iPhone.Build.0 = Release|x86
		{27590AAA-3349-4748-AB49-3ECEF9EF432C}.Ad-Hoc|iPhone.Deploy.0 = Release|x86
		{27590AAA-3349-4748-AB49-3ECEF9EF432C}.Ad-Hoc|iPhoneSimulator.ActiveCfg = Release|x86
		{27590AAA-3349-4748-AB49-3ECEF9EF432C}.Ad-Hoc|iPhoneSimulator.Build.0 = Release|x86
		{27590AAA-3349-4748-AB49-3ECEF9EF432C}.Ad-Hoc|iPhoneSimulator.Deploy.0 = Release|x86
		{27590AAA-3349-4748-AB49-3ECEF9EF432C}.Ad-Hoc|x64.ActiveCfg = Release|x64
		{27590AAA-3349-4748-AB49-3ECEF9EF432C}.Ad-Hoc|x64.Build.0 = Release|x64
		{27590AAA-3349-4748-AB49-3ECEF9EF432C}.Ad-Hoc|x64.Deploy.0 = Release|x64
		{27590AAA-3349-4748-AB49-3ECEF9EF432C}.Ad-Hoc|x86.ActiveCfg = Release|x86
		{27590AAA-3349-4748-AB49-3ECEF9EF432C}.Ad-Hoc|x86.Build.0 = Release|x86
		{27590AAA-3349-4748-AB49-3ECEF9EF432C}.Ad-Hoc|x86.Deploy.0 = Release|x86
		{27590AAA-3349-4748-AB49-3ECEF9EF432C}.AppStore|Any CPU.ActiveCfg = Release|x86
		{27590AAA-3349-4748-AB49-3ECEF9EF432C}.AppStore|Any CPU.Build.0 = Release|x86
		{27590AAA-3349-4748-AB49-3ECEF9EF432C}.AppStore|Any CPU.Deploy.0 = Release|x86
		{27590AAA-3349-4748-AB49-3ECEF9EF432C}.AppStore|ARM.ActiveCfg = Release|ARM
		{27590AAA-3349-4748-AB49-3ECEF9EF432C}.AppStore|ARM.Build.0 = Release|ARM
		{27590AAA-3349-4748-AB49-3ECEF9EF432C}.AppStore|ARM.Deploy.0 = Release|ARM
		{27590AAA-3349-4748-AB49-3ECEF9EF432C}.AppStore|iPhone.ActiveCfg = Release|x86
		{27590AAA-3349-4748-AB49-3ECEF9EF432C}.AppStore|iPhone.Build.0 = Release|x86
		{27590AAA-3349-4748-AB49-3ECEF9EF432C}.AppStore|iPhone.Deploy.0 = Release|x86
		{27590AAA-3349-4748-AB49-3ECEF9EF432C}.AppStore|iPhoneSimulator.ActiveCfg = Release|x86
		{27590AAA-3349-4748-AB49-3ECEF9EF432C}.AppStore|iPhoneSimulator.Build.0 = Release|x86
		{27590AAA-3349-4748-AB49-3ECEF9EF432C}.AppStore|iPhoneSimulator.Deploy.0 = Release|x86
		{27590AAA-3349-4748-AB49-3ECEF9EF432C}.AppStore|x64.ActiveCfg = Release|x64
		{27590AAA-3349-4748-AB49-3ECEF9EF432C}.AppStore|x64.Build.0 = Release|x64
		{27590AAA-3349-4748-AB49-3ECEF9EF432C}.AppStore|x64.Deploy.0 = Release|x64
		{27590AAA-3349-4748-AB49-3ECEF9EF432C}.AppStore|x86.ActiveCfg = Release|x86
		{27590AAA-3349-4748-AB49-3ECEF9EF432C}.AppStore|x86.Build.0 = Release|x86
		{27590AAA-3349-4748-AB49-3ECEF9EF432C}.AppStore|x86.Deploy.0 = Release|x86
		{27590AAA-3349-4748-AB49-3ECEF9EF432C}.Debug|Any CPU.ActiveCfg = Debug|x86
		{27590AAA-3349-4748-AB49-3ECEF9EF432C}.Debug|Any CPU.Build.0 = Debug|x86
		{27590AAA-3349-4748-AB49-3ECEF9EF432C}.Debug|Any CPU.Deploy.0 = Debug|x86
		{27590AAA-3349-4748-AB49-3ECEF9EF432C}.Debug|ARM.ActiveCfg = Debug|ARM
		{27590AAA-3349-4748-AB49-3ECEF9EF432C}.Debug|ARM.Build.0 = Debug|ARM
		{27590AAA-3349-4748-AB49-3ECEF9EF432C}.Debug|ARM.Deploy.0 = Debug|ARM
		{27590AAA-3349-4748-AB49-3ECEF9EF432C}.Debug|iPhone.ActiveCfg = Debug|x86
		{27590AAA-3349-4748-AB49-3ECEF9EF432C}.Debug|iPhone.Build.0 = Debug|x86
		{27590AAA-3349-4748-AB49-3ECEF9EF432C}.Debug|iPhone.Deploy.0 = Debug|x86
		{27590AAA-3349-4748-AB49-3ECEF9EF432C}.Debug|iPhoneSimulator.ActiveCfg = Debug|x86
		{27590AAA-3349-4748-AB49-3ECEF9EF432C}.Debug|iPhoneSimulator.Build.0 = Debug|x86
		{27590AAA-3349-4748-AB49-3ECEF9EF432C}.Debug|iPhoneSimulator.Deploy.0 = Debug|x86
		{27590AAA-3349-4748-AB49-3ECEF9EF432C}.Debug|x64.ActiveCfg = Debug|x64
		{27590AAA-3349-4748-AB49-3ECEF9EF432C}.Debug|x64.Build.0 = Debug|x64
		{27590AAA-3349-4748-AB49-3ECEF9EF432C}.Debug|x64.Deploy.0 = Debug|x64
		{27590AAA-3349-4748-AB49-3ECEF9EF432C}.Debug|x86.ActiveCfg = Debug|x86
		{27590AAA-3349-4748-AB49-3ECEF9EF432C}.Debug|x86.Build.0 = Debug|x86
		{27590AAA-3349-4748-AB49-3ECEF9EF432C}.Debug|x86.Deploy.0 = Debug|x86
		{27590AAA-3349-4748-AB49-3ECEF9EF432C}.Release|Any CPU.ActiveCfg = Release|x86
		{27590AAA-3349-4748-AB49-3ECEF9EF432C}.Release|Any CPU.Build.0 = Release|x86
		{27590AAA-3349-4748-AB49-3ECEF9EF432C}.Release|Any CPU.Deploy.0 = Release|x86
		{27590AAA-3349-4748-AB49-3ECEF9EF432C}.Release|ARM.ActiveCfg = Release|ARM
		{27590AAA-3349-4748-AB49-3ECEF9EF432C}.Release|ARM.Build.0 = Release|ARM
		{27590AAA-3349-4748-AB49-3ECEF9EF432C}.Release|ARM.Deploy.0 = Release|ARM
		{27590AAA-3349-4748-AB49-3ECEF9EF432C}.Release|iPhone.ActiveCfg = Release|x86
		{27590AAA-3349-4748-AB49-3ECEF9EF432C}.Release|iPhone.Build.0 = Release|x86
		{27590AAA-3349-4748-AB49-3ECEF9EF432C}.Release|iPhone.Deploy.0 = Release|x86
		{27590AAA-3349-4748-AB49-3ECEF9EF432C}.Release|iPhoneSimulator.ActiveCfg = Release|x86
		{27590AAA-3349-4748-AB49-3ECEF9EF432C}.Release|iPhoneSimulator.Build.0 = Release|x86
		{27590AAA-3349-4748-AB49-3ECEF9EF432C}.Release|iPhoneSimulator.Deploy.0 = Release|x86
		{27590AAA-3349-4748-AB49-3ECEF9EF432C}.Release|x64.ActiveCfg = Release|x64
		{27590AAA-3349-4748-AB49-3ECEF9EF432C}.Release|x64.Build.0 = Release|x64
		{27590AAA-3349-4748-AB49-3ECEF9EF432C}.Release|x64.Deploy.0 = Release|x64
		{27590AAA-3349-4748-AB49-3ECEF9EF432C}.Release|x86.ActiveCfg = Release|x86
		{27590AAA-3349-4748-AB49-3ECEF9EF432C}.Release|x86.Build.0 = Release|x86
		{27590AAA-3349-4748-AB49-3ECEF9EF432C}.Release|x86.Deploy.0 = Release|x86
		{F2150D00-93A4-44D7-A610-784EFD80F599}.Ad-Hoc|Any CPU.ActiveCfg = Debug|Any CPU
		{F2150D00-93A4-44D7-A610-784EFD80F599}.Ad-Hoc|Any CPU.Build.0 = Debug|Any CPU
		{F2150D00-93A4-44D7-A610-784EFD80F599}.Ad-Hoc|Any CPU.Deploy.0 = Debug|Any CPU
		{F2150D00-93A4-44D7-A610-784EFD80F599}.Ad-Hoc|ARM.ActiveCfg = Debug|Any CPU
		{F2150D00-93A4-44D7-A610-784EFD80F599}.Ad-Hoc|ARM.Build.0 = Debug|Any CPU
		{F2150D00-93A4-44D7-A610-784EFD80F599}.Ad-Hoc|ARM.Deploy.0 = Debug|Any CPU
		{F2150D00-93A4-44D7-A610-784EFD80F599}.Ad-Hoc|iPhone.ActiveCfg = Debug|Any CPU
		{F2150D00-93A4-44D7-A610-784EFD80F599}.Ad-Hoc|iPhone.Build.0 = Debug|Any CPU
		{F2150D00-93A4-44D7-A610-784EFD80F599}.Ad-Hoc|iPhone.Deploy.0 = Debug|Any CPU
		{F2150D00-93A4-44D7-A610-784EFD80F599}.Ad-Hoc|iPhoneSimulator.ActiveCfg = Debug|Any CPU
		{F2150D00-93A4-44D7-A610-784EFD80F599}.Ad-Hoc|iPhoneSimulator.Build.0 = Debug|Any CPU
		{F2150D00-93A4-44D7-A610-784EFD80F599}.Ad-Hoc|iPhoneSimulator.Deploy.0 = Debug|Any CPU
		{F2150D00-93A4-44D7-A610-784EFD80F599}.Ad-Hoc|x64.ActiveCfg = Debug|Any CPU
		{F2150D00-93A4-44D7-A610-784EFD80F599}.Ad-Hoc|x64.Build.0 = Debug|Any CPU
		{F2150D00-93A4-44D7-A610-784EFD80F599}.Ad-Hoc|x64.Deploy.0 = Debug|Any CPU
		{F2150D00-93A4-44D7-A610-784EFD80F599}.Ad-Hoc|x86.ActiveCfg = Debug|Any CPU
		{F2150D00-93A4-44D7-A610-784EFD80F599}.Ad-Hoc|x86.Build.0 = Debug|Any CPU
		{F2150D00-93A4-44D7-A610-784EFD80F599}.Ad-Hoc|x86.Deploy.0 = Debug|Any CPU
		{F2150D00-93A4-44D7-A610-784EFD80F599}.AppStore|Any CPU.ActiveCfg = Debug|Any CPU
		{F2150D00-93A4-44D7-A610-784EFD80F599}.AppStore|Any CPU.Build.0 = Debug|Any CPU
		{F2150D00-93A4-44D7-A610-784EFD80F599}.AppStore|Any CPU.Deploy.0 = Debug|Any CPU
		{F2150D00-93A4-44D7-A610-784EFD80F599}.AppStore|ARM.ActiveCfg = Debug|Any CPU
		{F2150D00-93A4-44D7-A610-784EFD80F599}.AppStore|ARM.Build.0 = Debug|Any CPU
		{F2150D00-93A4-44D7-A610-784EFD80F599}.AppStore|ARM.Deploy.0 = Debug|Any CPU
		{F2150D00-93A4-44D7-A610-784EFD80F599}.AppStore|iPhone.ActiveCfg = Debug|Any CPU
		{F2150D00-93A4-44D7-A610-784EFD80F599}.AppStore|iPhone.Build.0 = Debug|Any CPU
		{F2150D00-93A4-44D7-A610-784EFD80F599}.AppStore|iPhone.Deploy.0 = Debug|Any CPU
		{F2150D00-93A4-44D7-A610-784EFD80F599}.AppStore|iPhoneSimulator.ActiveCfg = Debug|Any CPU
		{F2150D00-93A4-44D7-A610-784EFD80F599}.AppStore|iPhoneSimulator.Build.0 = Debug|Any CPU
		{F2150D00-93A4-44D7-A610-784EFD80F599}.AppStore|iPhoneSimulator.Deploy.0 = Debug|Any CPU
		{F2150D00-93A4-44D7-A610-784EFD80F599}.AppStore|x64.ActiveCfg = Debug|Any CPU
		{F2150D00-93A4-44D7-A610-784EFD80F599}.AppStore|x64.Build.0 = Debug|Any CPU
		{F2150D00-93A4-44D7-A610-784EFD80F599}.AppStore|x64.Deploy.0 = Debug|Any CPU
		{F2150D00-93A4-44D7-A610-784EFD80F599}.AppStore|x86.ActiveCfg = Debug|Any CPU
		{F2150D00-93A4-44D7-A610-784EFD80F599}.AppStore|x86.Build.0 = Debug|Any CPU
		{F2150D00-93A4-44D7-A610-784EFD80F599}.AppStore|x86.Deploy.0 = Debug|Any CPU
		{F2150D00-93A4-44D7-A610-784EFD80F599}.Debug|Any CPU.ActiveCfg = Debug|Any CPU
		{F2150D00-93A4-44D7-A610-784EFD80F599}.Debug|Any CPU.Build.0 = Debug|Any CPU
		{F2150D00-93A4-44D7-A610-784EFD80F599}.Debug|Any CPU.Deploy.0 = Debug|Any CPU
		{F2150D00-93A4-44D7-A610-784EFD80F599}.Debug|ARM.ActiveCfg = Debug|Any CPU
		{F2150D00-93A4-44D7-A610-784EFD80F599}.Debug|ARM.Build.0 = Debug|Any CPU
		{F2150D00-93A4-44D7-A610-784EFD80F599}.Debug|ARM.Deploy.0 = Debug|Any CPU
		{F2150D00-93A4-44D7-A610-784EFD80F599}.Debug|iPhone.ActiveCfg = Debug|Any CPU
		{F2150D00-93A4-44D7-A610-784EFD80F599}.Debug|iPhone.Build.0 = Debug|Any CPU
		{F2150D00-93A4-44D7-A610-784EFD80F599}.Debug|iPhone.Deploy.0 = Debug|Any CPU
		{F2150D00-93A4-44D7-A610-784EFD80F599}.Debug|iPhoneSimulator.ActiveCfg = Debug|Any CPU
		{F2150D00-93A4-44D7-A610-784EFD80F599}.Debug|iPhoneSimulator.Build.0 = Debug|Any CPU
		{F2150D00-93A4-44D7-A610-784EFD80F599}.Debug|iPhoneSimulator.Deploy.0 = Debug|Any CPU
		{F2150D00-93A4-44D7-A610-784EFD80F599}.Debug|x64.ActiveCfg = Debug|Any CPU
		{F2150D00-93A4-44D7-A610-784EFD80F599}.Debug|x64.Build.0 = Debug|Any CPU
		{F2150D00-93A4-44D7-A610-784EFD80F599}.Debug|x64.Deploy.0 = Debug|Any CPU
		{F2150D00-93A4-44D7-A610-784EFD80F599}.Debug|x86.ActiveCfg = Debug|Any CPU
		{F2150D00-93A4-44D7-A610-784EFD80F599}.Debug|x86.Build.0 = Debug|Any CPU
		{F2150D00-93A4-44D7-A610-784EFD80F599}.Debug|x86.Deploy.0 = Debug|Any CPU
		{F2150D00-93A4-44D7-A610-784EFD80F599}.Release|Any CPU.ActiveCfg = Release|Any CPU
		{F2150D00-93A4-44D7-A610-784EFD80F599}.Release|Any CPU.Build.0 = Release|Any CPU
		{F2150D00-93A4-44D7-A610-784EFD80F599}.Release|Any CPU.Deploy.0 = Release|Any CPU
		{F2150D00-93A4-44D7-A610-784EFD80F599}.Release|ARM.ActiveCfg = Release|Any CPU
		{F2150D00-93A4-44D7-A610-784EFD80F599}.Release|ARM.Build.0 = Release|Any CPU
		{F2150D00-93A4-44D7-A610-784EFD80F599}.Release|ARM.Deploy.0 = Release|Any CPU
		{F2150D00-93A4-44D7-A610-784EFD80F599}.Release|iPhone.ActiveCfg = Release|Any CPU
		{F2150D00-93A4-44D7-A610-784EFD80F599}.Release|iPhone.Build.0 = Release|Any CPU
		{F2150D00-93A4-44D7-A610-784EFD80F599}.Release|iPhone.Deploy.0 = Release|Any CPU
		{F2150D00-93A4-44D7-A610-784EFD80F599}.Release|iPhoneSimulator.ActiveCfg = Release|Any CPU
		{F2150D00-93A4-44D7-A610-784EFD80F599}.Release|iPhoneSimulator.Build.0 = Release|Any CPU
		{F2150D00-93A4-44D7-A610-784EFD80F599}.Release|iPhoneSimulator.Deploy.0 = Release|Any CPU
		{F2150D00-93A4-44D7-A610-784EFD80F599}.Release|x64.ActiveCfg = Release|Any CPU
		{F2150D00-93A4-44D7-A610-784EFD80F599}.Release|x64.Build.0 = Release|Any CPU
		{F2150D00-93A4-44D7-A610-784EFD80F599}.Release|x64.Deploy.0 = Release|Any CPU
		{F2150D00-93A4-44D7-A610-784EFD80F599}.Release|x86.ActiveCfg = Release|Any CPU
		{F2150D00-93A4-44D7-A610-784EFD80F599}.Release|x86.Build.0 = Release|Any CPU
		{F2150D00-93A4-44D7-A610-784EFD80F599}.Release|x86.Deploy.0 = Release|Any CPU
	EndGlobalSection
	GlobalSection(SolutionProperties) = preSolution
		HideSolutionNode = FALSE
	EndGlobalSection
	GlobalSection(ExtensibilityGlobals) = postSolution
		SolutionGuid = {CBDC133D-ED6F-4D67-8579-B28E35221E71}
	EndGlobalSection
EndGlobal
