
Microsoft Visual Studio Solution File, Format Version 12.00
# Visual Studio 15
VisualStudioVersion = 15.0.28010.2036
MinimumVisualStudioVersion = 10.0.40219.1
Project("{FAE04EC0-301F-11D3-BF4B-00C04F79EFBC}") = "StreetWorkoutV2.Android", "StreetWorkoutV2\StreetWorkoutV2.Android\StreetWorkoutV2.Android.csproj", "{E09EA17E-45CF-4F46-B6F1-E80A161B69DA}"
EndProject
Project("{FAE04EC0-301F-11D3-BF4B-00C04F79EFBC}") = "StreetWorkoutV2.iOS", "StreetWorkoutV2\StreetWorkoutV2.iOS\StreetWorkoutV2.iOS.csproj", "{84D21A5E-9D5B-4DA3-9EC7-D7C9740F5506}"
EndProject
Project("{FAE04EC0-301F-11D3-BF4B-00C04F79EFBC}") = "StreetWorkoutV2.UWP", "StreetWorkoutV2\StreetWorkoutV2.UWP\StreetWorkoutV2.UWP.csproj", "{DAF390B8-D0C7-4593-864E-B72281972384}"
EndProject
Project("{9A19103F-16F7-4668-BE54-9A1E7A4F7556}") = "StreetWorkoutV2", "StreetWorkoutV2\StreetWorkoutV2\StreetWorkoutV2.csproj", "{EEFB12AA-09DD-43B0-A238-6551A94C1EB5}"
EndProject
Global
	GlobalSection(SolutionConfigurationPlatforms) = preSolution
		Ad-Hoc|Any CPU = Ad-Hoc|Any CPU
		Ad-Hoc|ARM = Ad-Hoc|ARM
		Ad-Hoc|iPhone = Ad-Hoc|iPhone
		Ad-Hoc|iPhoneSimulator = Ad-Hoc|iPhoneSimulator
		Ad-Hoc|x64 = Ad-Hoc|x64
		Ad-Hoc|x86 = Ad-Hoc|x86
		AppStore|Any CPU = AppStore|Any CPU
		AppStore|ARM = AppStore|ARM
		AppStore|iPhone = AppStore|iPhone
		AppStore|iPhoneSimulator = AppStore|iPhoneSimulator
		AppStore|x64 = AppStore|x64
		AppStore|x86 = AppStore|x86
		Debug|Any CPU = Debug|Any CPU
		Debug|ARM = Debug|ARM
		Debug|iPhone = Debug|iPhone
		Debug|iPhoneSimulator = Debug|iPhoneSimulator
		Debug|x64 = Debug|x64
		Debug|x86 = Debug|x86
		Release|Any CPU = Release|Any CPU
		Release|ARM = Release|ARM
		Release|iPhone = Release|iPhone
		Release|iPhoneSimulator = Release|iPhoneSimulator
		Release|x64 = Release|x64
		Release|x86 = Release|x86
	EndGlobalSection
	GlobalSection(ProjectConfigurationPlatforms) = postSolution
		{E09EA17E-45CF-4F46-B6F1-E80A161B69DA}.Ad-Hoc|Any CPU.ActiveCfg = Release|Any CPU
		{E09EA17E-45CF-4F46-B6F1-E80A161B69DA}.Ad-Hoc|Any CPU.Build.0 = Release|Any CPU
		{E09EA17E-45CF-4F46-B6F1-E80A161B69DA}.Ad-Hoc|Any CPU.Deploy.0 = Release|Any CPU
		{E09EA17E-45CF-4F46-B6F1-E80A161B69DA}.Ad-Hoc|ARM.ActiveCfg = Release|Any CPU
		{E09EA17E-45CF-4F46-B6F1-E80A161B69DA}.Ad-Hoc|ARM.Build.0 = Release|Any CPU
		{E09EA17E-45CF-4F46-B6F1-E80A161B69DA}.Ad-Hoc|ARM.Deploy.0 = Release|Any CPU
		{E09EA17E-45CF-4F46-B6F1-E80A161B69DA}.Ad-Hoc|iPhone.ActiveCfg = Release|Any CPU
		{E09EA17E-45CF-4F46-B6F1-E80A161B69DA}.Ad-Hoc|iPhone.Build.0 = Release|Any CPU
		{E09EA17E-45CF-4F46-B6F1-E80A161B69DA}.Ad-Hoc|iPhone.Deploy.0 = Release|Any CPU
		{E09EA17E-45CF-4F46-B6F1-E80A161B69DA}.Ad-Hoc|iPhoneSimulator.ActiveCfg = Release|Any CPU
		{E09EA17E-45CF-4F46-B6F1-E80A161B69DA}.Ad-Hoc|iPhoneSimulator.Build.0 = Release|Any CPU
		{E09EA17E-45CF-4F46-B6F1-E80A161B69DA}.Ad-Hoc|iPhoneSimulator.Deploy.0 = Release|Any CPU
		{E09EA17E-45CF-4F46-B6F1-E80A161B69DA}.Ad-Hoc|x64.ActiveCfg = Release|Any CPU
		{E09EA17E-45CF-4F46-B6F1-E80A161B69DA}.Ad-Hoc|x64.Build.0 = Release|Any CPU
		{E09EA17E-45CF-4F46-B6F1-E80A161B69DA}.Ad-Hoc|x64.Deploy.0 = Release|Any CPU
		{E09EA17E-45CF-4F46-B6F1-E80A161B69DA}.Ad-Hoc|x86.ActiveCfg = Release|Any CPU
		{E09EA17E-45CF-4F46-B6F1-E80A161B69DA}.Ad-Hoc|x86.Build.0 = Release|Any CPU
		{E09EA17E-45CF-4F46-B6F1-E80A161B69DA}.Ad-Hoc|x86.Deploy.0 = Release|Any CPU
		{E09EA17E-45CF-4F46-B6F1-E80A161B69DA}.AppStore|Any CPU.ActiveCfg = Release|Any CPU
		{E09EA17E-45CF-4F46-B6F1-E80A161B69DA}.AppStore|Any CPU.Build.0 = Release|Any CPU
		{E09EA17E-45CF-4F46-B6F1-E80A161B69DA}.AppStore|Any CPU.Deploy.0 = Release|Any CPU
		{E09EA17E-45CF-4F46-B6F1-E80A161B69DA}.AppStore|ARM.ActiveCfg = Release|Any CPU
		{E09EA17E-45CF-4F46-B6F1-E80A161B69DA}.AppStore|ARM.Build.0 = Release|Any CPU
		{E09EA17E-45CF-4F46-B6F1-E80A161B69DA}.AppStore|ARM.Deploy.0 = Release|Any CPU
		{E09EA17E-45CF-4F46-B6F1-E80A161B69DA}.AppStore|iPhone.ActiveCfg = Release|Any CPU
		{E09EA17E-45CF-4F46-B6F1-E80A161B69DA}.AppStore|iPhone.Build.0 = Release|Any CPU
		{E09EA17E-45CF-4F46-B6F1-E80A161B69DA}.AppStore|iPhone.Deploy.0 = Release|Any CPU
		{E09EA17E-45CF-4F46-B6F1-E80A161B69DA}.AppStore|iPhoneSimulator.ActiveCfg = Release|Any CPU
		{E09EA17E-45CF-4F46-B6F1-E80A161B69DA}.AppStore|iPhoneSimulator.Build.0 = Release|Any CPU
		{E09EA17E-45CF-4F46-B6F1-E80A161B69DA}.AppStore|iPhoneSimulator.Deploy.0 = Release|Any CPU
		{E09EA17E-45CF-4F46-B6F1-E80A161B69DA}.AppStore|x64.ActiveCfg = Release|Any CPU
		{E09EA17E-45CF-4F46-B6F1-E80A161B69DA}.AppStore|x64.Build.0 = Release|Any CPU
		{E09EA17E-45CF-4F46-B6F1-E80A161B69DA}.AppStore|x64.Deploy.0 = Release|Any CPU
		{E09EA17E-45CF-4F46-B6F1-E80A161B69DA}.AppStore|x86.ActiveCfg = Release|Any CPU
		{E09EA17E-45CF-4F46-B6F1-E80A161B69DA}.AppStore|x86.Build.0 = Release|Any CPU
		{E09EA17E-45CF-4F46-B6F1-E80A161B69DA}.AppStore|x86.Deploy.0 = Release|Any CPU
		{E09EA17E-45CF-4F46-B6F1-E80A161B69DA}.Debug|Any CPU.ActiveCfg = Debug|Any CPU
		{E09EA17E-45CF-4F46-B6F1-E80A161B69DA}.Debug|Any CPU.Build.0 = Debug|Any CPU
		{E09EA17E-45CF-4F46-B6F1-E80A161B69DA}.Debug|Any CPU.Deploy.0 = Debug|Any CPU
		{E09EA17E-45CF-4F46-B6F1-E80A161B69DA}.Debug|ARM.ActiveCfg = Debug|Any CPU
		{E09EA17E-45CF-4F46-B6F1-E80A161B69DA}.Debug|ARM.Build.0 = Debug|Any CPU
		{E09EA17E-45CF-4F46-B6F1-E80A161B69DA}.Debug|ARM.Deploy.0 = Debug|Any CPU
		{E09EA17E-45CF-4F46-B6F1-E80A161B69DA}.Debug|iPhone.ActiveCfg = Debug|Any CPU
		{E09EA17E-45CF-4F46-B6F1-E80A161B69DA}.Debug|iPhone.Build.0 = Debug|Any CPU
		{E09EA17E-45CF-4F46-B6F1-E80A161B69DA}.Debug|iPhone.Deploy.0 = Debug|Any CPU
		{E09EA17E-45CF-4F46-B6F1-E80A161B69DA}.Debug|iPhoneSimulator.ActiveCfg = Debug|Any CPU
		{E09EA17E-45CF-4F46-B6F1-E80A161B69DA}.Debug|iPhoneSimulator.Build.0 = Debug|Any CPU
		{E09EA17E-45CF-4F46-B6F1-E80A161B69DA}.Debug|iPhoneSimulator.Deploy.0 = Debug|Any CPU
		{E09EA17E-45CF-4F46-B6F1-E80A161B69DA}.Debug|x64.ActiveCfg = Debug|Any CPU
		{E09EA17E-45CF-4F46-B6F1-E80A161B69DA}.Debug|x64.Build.0 = Debug|Any CPU
		{E09EA17E-45CF-4F46-B6F1-E80A161B69DA}.Debug|x64.Deploy.0 = Debug|Any CPU
		{E09EA17E-45CF-4F46-B6F1-E80A161B69DA}.Debug|x86.ActiveCfg = Debug|Any CPU
		{E09EA17E-45CF-4F46-B6F1-E80A161B69DA}.Debug|x86.Build.0 = Debug|Any CPU
		{E09EA17E-45CF-4F46-B6F1-E80A161B69DA}.Debug|x86.Deploy.0 = Debug|Any CPU
		{E09EA17E-45CF-4F46-B6F1-E80A161B69DA}.Release|Any CPU.ActiveCfg = Release|Any CPU
		{E09EA17E-45CF-4F46-B6F1-E80A161B69DA}.Release|Any CPU.Build.0 = Release|Any CPU
		{E09EA17E-45CF-4F46-B6F1-E80A161B69DA}.Release|Any CPU.Deploy.0 = Release|Any CPU
		{E09EA17E-45CF-4F46-B6F1-E80A161B69DA}.Release|ARM.ActiveCfg = Release|Any CPU
		{E09EA17E-45CF-4F46-B6F1-E80A161B69DA}.Release|ARM.Build.0 = Release|Any CPU
		{E09EA17E-45CF-4F46-B6F1-E80A161B69DA}.Release|ARM.Deploy.0 = Release|Any CPU
		{E09EA17E-45CF-4F46-B6F1-E80A161B69DA}.Release|iPhone.ActiveCfg = Release|Any CPU
		{E09EA17E-45CF-4F46-B6F1-E80A161B69DA}.Release|iPhone.Build.0 = Release|Any CPU
		{E09EA17E-45CF-4F46-B6F1-E80A161B69DA}.Release|iPhone.Deploy.0 = Release|Any CPU
		{E09EA17E-45CF-4F46-B6F1-E80A161B69DA}.Release|iPhoneSimulator.ActiveCfg = Release|Any CPU
		{E09EA17E-45CF-4F46-B6F1-E80A161B69DA}.Release|iPhoneSimulator.Build.0 = Release|Any CPU
		{E09EA17E-45CF-4F46-B6F1-E80A161B69DA}.Release|iPhoneSimulator.Deploy.0 = Release|Any CPU
		{E09EA17E-45CF-4F46-B6F1-E80A161B69DA}.Release|x64.ActiveCfg = Release|Any CPU
		{E09EA17E-45CF-4F46-B6F1-E80A161B69DA}.Release|x64.Build.0 = Release|Any CPU
		{E09EA17E-45CF-4F46-B6F1-E80A161B69DA}.Release|x64.Deploy.0 = Release|Any CPU
		{E09EA17E-45CF-4F46-B6F1-E80A161B69DA}.Release|x86.ActiveCfg = Release|Any CPU
		{E09EA17E-45CF-4F46-B6F1-E80A161B69DA}.Release|x86.Build.0 = Release|Any CPU
		{E09EA17E-45CF-4F46-B6F1-E80A161B69DA}.Release|x86.Deploy.0 = Release|Any CPU
		{84D21A5E-9D5B-4DA3-9EC7-D7C9740F5506}.Ad-Hoc|Any CPU.ActiveCfg = Ad-Hoc|iPhone
		{84D21A5E-9D5B-4DA3-9EC7-D7C9740F5506}.Ad-Hoc|Any CPU.Build.0 = Ad-Hoc|iPhone
		{84D21A5E-9D5B-4DA3-9EC7-D7C9740F5506}.Ad-Hoc|Any CPU.Deploy.0 = Ad-Hoc|iPhone
		{84D21A5E-9D5B-4DA3-9EC7-D7C9740F5506}.Ad-Hoc|ARM.ActiveCfg = Ad-Hoc|iPhone
		{84D21A5E-9D5B-4DA3-9EC7-D7C9740F5506}.Ad-Hoc|ARM.Build.0 = Ad-Hoc|iPhone
		{84D21A5E-9D5B-4DA3-9EC7-D7C9740F5506}.Ad-Hoc|ARM.Deploy.0 = Ad-Hoc|iPhone
		{84D21A5E-9D5B-4DA3-9EC7-D7C9740F5506}.Ad-Hoc|iPhone.ActiveCfg = Ad-Hoc|iPhone
		{84D21A5E-9D5B-4DA3-9EC7-D7C9740F5506}.Ad-Hoc|iPhone.Build.0 = Ad-Hoc|iPhone
		{84D21A5E-9D5B-4DA3-9EC7-D7C9740F5506}.Ad-Hoc|iPhone.Deploy.0 = Ad-Hoc|iPhone
		{84D21A5E-9D5B-4DA3-9EC7-D7C9740F5506}.Ad-Hoc|iPhoneSimulator.ActiveCfg = Ad-Hoc|iPhoneSimulator
		{84D21A5E-9D5B-4DA3-9EC7-D7C9740F5506}.Ad-Hoc|iPhoneSimulator.Build.0 = Ad-Hoc|iPhoneSimulator
		{84D21A5E-9D5B-4DA3-9EC7-D7C9740F5506}.Ad-Hoc|iPhoneSimulator.Deploy.0 = Ad-Hoc|iPhoneSimulator
		{84D21A5E-9D5B-4DA3-9EC7-D7C9740F5506}.Ad-Hoc|x64.ActiveCfg = Ad-Hoc|iPhone
		{84D21A5E-9D5B-4DA3-9EC7-D7C9740F5506}.Ad-Hoc|x64.Build.0 = Ad-Hoc|iPhone
		{84D21A5E-9D5B-4DA3-9EC7-D7C9740F5506}.Ad-Hoc|x64.Deploy.0 = Ad-Hoc|iPhone
		{84D21A5E-9D5B-4DA3-9EC7-D7C9740F5506}.Ad-Hoc|x86.ActiveCfg = Ad-Hoc|iPhone
		{84D21A5E-9D5B-4DA3-9EC7-D7C9740F5506}.Ad-Hoc|x86.Build.0 = Ad-Hoc|iPhone
		{84D21A5E-9D5B-4DA3-9EC7-D7C9740F5506}.Ad-Hoc|x86.Deploy.0 = Ad-Hoc|iPhone
		{84D21A5E-9D5B-4DA3-9EC7-D7C9740F5506}.AppStore|Any CPU.ActiveCfg = AppStore|iPhone
		{84D21A5E-9D5B-4DA3-9EC7-D7C9740F5506}.AppStore|Any CPU.Build.0 = AppStore|iPhone
		{84D21A5E-9D5B-4DA3-9EC7-D7C9740F5506}.AppStore|Any CPU.Deploy.0 = AppStore|iPhone
		{84D21A5E-9D5B-4DA3-9EC7-D7C9740F5506}.AppStore|ARM.ActiveCfg = AppStore|iPhone
		{84D21A5E-9D5B-4DA3-9EC7-D7C9740F5506}.AppStore|ARM.Build.0 = AppStore|iPhone
		{84D21A5E-9D5B-4DA3-9EC7-D7C9740F5506}.AppStore|ARM.Deploy.0 = AppStore|iPhone
		{84D21A5E-9D5B-4DA3-9EC7-D7C9740F5506}.AppStore|iPhone.ActiveCfg = AppStore|iPhone
		{84D21A5E-9D5B-4DA3-9EC7-D7C9740F5506}.AppStore|iPhone.Build.0 = AppStore|iPhone
		{84D21A5E-9D5B-4DA3-9EC7-D7C9740F5506}.AppStore|iPhone.Deploy.0 = AppStore|iPhone
		{84D21A5E-9D5B-4DA3-9EC7-D7C9740F5506}.AppStore|iPhoneSimulator.ActiveCfg = AppStore|iPhoneSimulator
		{84D21A5E-9D5B-4DA3-9EC7-D7C9740F5506}.AppStore|iPhoneSimulator.Build.0 = AppStore|iPhoneSimulator
		{84D21A5E-9D5B-4DA3-9EC7-D7C9740F5506}.AppStore|iPhoneSimulator.Deploy.0 = AppStore|iPhoneSimulator
		{84D21A5E-9D5B-4DA3-9EC7-D7C9740F5506}.AppStore|x64.ActiveCfg = AppStore|iPhone
		{84D21A5E-9D5B-4DA3-9EC7-D7C9740F5506}.AppStore|x64.Build.0 = AppStore|iPhone
		{84D21A5E-9D5B-4DA3-9EC7-D7C9740F5506}.AppStore|x64.Deploy.0 = AppStore|iPhone
		{84D21A5E-9D5B-4DA3-9EC7-D7C9740F5506}.AppStore|x86.ActiveCfg = AppStore|iPhone
		{84D21A5E-9D5B-4DA3-9EC7-D7C9740F5506}.AppStore|x86.Build.0 = AppStore|iPhone
		{84D21A5E-9D5B-4DA3-9EC7-D7C9740F5506}.AppStore|x86.Deploy.0 = AppStore|iPhone
		{84D21A5E-9D5B-4DA3-9EC7-D7C9740F5506}.Debug|Any CPU.ActiveCfg = Debug|iPhoneSimulator
		{84D21A5E-9D5B-4DA3-9EC7-D7C9740F5506}.Debug|Any CPU.Build.0 = Debug|iPhoneSimulator
		{84D21A5E-9D5B-4DA3-9EC7-D7C9740F5506}.Debug|Any CPU.Deploy.0 = Debug|iPhoneSimulator
		{84D21A5E-9D5B-4DA3-9EC7-D7C9740F5506}.Debug|ARM.ActiveCfg = Debug|iPhone
		{84D21A5E-9D5B-4DA3-9EC7-D7C9740F5506}.Debug|ARM.Build.0 = Debug|iPhone
		{84D21A5E-9D5B-4DA3-9EC7-D7C9740F5506}.Debug|ARM.Deploy.0 = Debug|iPhone
		{84D21A5E-9D5B-4DA3-9EC7-D7C9740F5506}.Debug|iPhone.ActiveCfg = Debug|iPhone
		{84D21A5E-9D5B-4DA3-9EC7-D7C9740F5506}.Debug|iPhone.Build.0 = Debug|iPhone
		{84D21A5E-9D5B-4DA3-9EC7-D7C9740F5506}.Debug|iPhone.Deploy.0 = Debug|iPhone
		{84D21A5E-9D5B-4DA3-9EC7-D7C9740F5506}.Debug|iPhoneSimulator.ActiveCfg = Debug|iPhoneSimulator
		{84D21A5E-9D5B-4DA3-9EC7-D7C9740F5506}.Debug|iPhoneSimulator.Build.0 = Debug|iPhoneSimulator
		{84D21A5E-9D5B-4DA3-9EC7-D7C9740F5506}.Debug|iPhoneSimulator.Deploy.0 = Debug|iPhoneSimulator
		{84D21A5E-9D5B-4DA3-9EC7-D7C9740F5506}.Debug|x64.ActiveCfg = Debug|iPhone
		{84D21A5E-9D5B-4DA3-9EC7-D7C9740F5506}.Debug|x64.Build.0 = Debug|iPhone
		{84D21A5E-9D5B-4DA3-9EC7-D7C9740F5506}.Debug|x64.Deploy.0 = Debug|iPhone
		{84D21A5E-9D5B-4DA3-9EC7-D7C9740F5506}.Debug|x86.ActiveCfg = Debug|iPhone
		{84D21A5E-9D5B-4DA3-9EC7-D7C9740F5506}.Debug|x86.Build.0 = Debug|iPhone
		{84D21A5E-9D5B-4DA3-9EC7-D7C9740F5506}.Debug|x86.Deploy.0 = Debug|iPhone
		{84D21A5E-9D5B-4DA3-9EC7-D7C9740F5506}.Release|Any CPU.ActiveCfg = Release|iPhone
		{84D21A5E-9D5B-4DA3-9EC7-D7C9740F5506}.Release|Any CPU.Build.0 = Release|iPhone
		{84D21A5E-9D5B-4DA3-9EC7-D7C9740F5506}.Release|Any CPU.Deploy.0 = Release|iPhone
		{84D21A5E-9D5B-4DA3-9EC7-D7C9740F5506}.Release|ARM.ActiveCfg = Release|iPhone
		{84D21A5E-9D5B-4DA3-9EC7-D7C9740F5506}.Release|ARM.Build.0 = Release|iPhone
		{84D21A5E-9D5B-4DA3-9EC7-D7C9740F5506}.Release|ARM.Deploy.0 = Release|iPhone
		{84D21A5E-9D5B-4DA3-9EC7-D7C9740F5506}.Release|iPhone.ActiveCfg = Release|iPhone
		{84D21A5E-9D5B-4DA3-9EC7-D7C9740F5506}.Release|iPhone.Build.0 = Release|iPhone
		{84D21A5E-9D5B-4DA3-9EC7-D7C9740F5506}.Release|iPhone.Deploy.0 = Release|iPhone
		{84D21A5E-9D5B-4DA3-9EC7-D7C9740F5506}.Release|iPhoneSimulator.ActiveCfg = Release|iPhoneSimulator
		{84D21A5E-9D5B-4DA3-9EC7-D7C9740F5506}.Release|iPhoneSimulator.Build.0 = Release|iPhoneSimulator
		{84D21A5E-9D5B-4DA3-9EC7-D7C9740F5506}.Release|iPhoneSimulator.Deploy.0 = Release|iPhoneSimulator
		{84D21A5E-9D5B-4DA3-9EC7-D7C9740F5506}.Release|x64.ActiveCfg = Release|iPhone
		{84D21A5E-9D5B-4DA3-9EC7-D7C9740F5506}.Release|x64.Build.0 = Release|iPhone
		{84D21A5E-9D5B-4DA3-9EC7-D7C9740F5506}.Release|x64.Deploy.0 = Release|iPhone
		{84D21A5E-9D5B-4DA3-9EC7-D7C9740F5506}.Release|x86.ActiveCfg = Release|iPhone
		{84D21A5E-9D5B-4DA3-9EC7-D7C9740F5506}.Release|x86.Build.0 = Release|iPhone
		{84D21A5E-9D5B-4DA3-9EC7-D7C9740F5506}.Release|x86.Deploy.0 = Release|iPhone
		{DAF390B8-D0C7-4593-864E-B72281972384}.Ad-Hoc|Any CPU.ActiveCfg = Release|x86
		{DAF390B8-D0C7-4593-864E-B72281972384}.Ad-Hoc|Any CPU.Build.0 = Release|x86
		{DAF390B8-D0C7-4593-864E-B72281972384}.Ad-Hoc|Any CPU.Deploy.0 = Release|x86
		{DAF390B8-D0C7-4593-864E-B72281972384}.Ad-Hoc|ARM.ActiveCfg = Release|ARM
		{DAF390B8-D0C7-4593-864E-B72281972384}.Ad-Hoc|ARM.Build.0 = Release|ARM
		{DAF390B8-D0C7-4593-864E-B72281972384}.Ad-Hoc|ARM.Deploy.0 = Release|ARM
		{DAF390B8-D0C7-4593-864E-B72281972384}.Ad-Hoc|iPhone.ActiveCfg = Release|x86
		{DAF390B8-D0C7-4593-864E-B72281972384}.Ad-Hoc|iPhone.Build.0 = Release|x86
		{DAF390B8-D0C7-4593-864E-B72281972384}.Ad-Hoc|iPhone.Deploy.0 = Release|x86
		{DAF390B8-D0C7-4593-864E-B72281972384}.Ad-Hoc|iPhoneSimulator.ActiveCfg = Release|x86
		{DAF390B8-D0C7-4593-864E-B72281972384}.Ad-Hoc|iPhoneSimulator.Build.0 = Release|x86
		{DAF390B8-D0C7-4593-864E-B72281972384}.Ad-Hoc|iPhoneSimulator.Deploy.0 = Release|x86
		{DAF390B8-D0C7-4593-864E-B72281972384}.Ad-Hoc|x64.ActiveCfg = Release|x64
		{DAF390B8-D0C7-4593-864E-B72281972384}.Ad-Hoc|x64.Build.0 = Release|x64
		{DAF390B8-D0C7-4593-864E-B72281972384}.Ad-Hoc|x64.Deploy.0 = Release|x64
		{DAF390B8-D0C7-4593-864E-B72281972384}.Ad-Hoc|x86.ActiveCfg = Release|x86
		{DAF390B8-D0C7-4593-864E-B72281972384}.Ad-Hoc|x86.Build.0 = Release|x86
		{DAF390B8-D0C7-4593-864E-B72281972384}.Ad-Hoc|x86.Deploy.0 = Release|x86
		{DAF390B8-D0C7-4593-864E-B72281972384}.AppStore|Any CPU.ActiveCfg = Release|x86
		{DAF390B8-D0C7-4593-864E-B72281972384}.AppStore|Any CPU.Build.0 = Release|x86
		{DAF390B8-D0C7-4593-864E-B72281972384}.AppStore|Any CPU.Deploy.0 = Release|x86
		{DAF390B8-D0C7-4593-864E-B72281972384}.AppStore|ARM.ActiveCfg = Release|ARM
		{DAF390B8-D0C7-4593-864E-B72281972384}.AppStore|ARM.Build.0 = Release|ARM
		{DAF390B8-D0C7-4593-864E-B72281972384}.AppStore|ARM.Deploy.0 = Release|ARM
		{DAF390B8-D0C7-4593-864E-B72281972384}.AppStore|iPhone.ActiveCfg = Release|x86
		{DAF390B8-D0C7-4593-864E-B72281972384}.AppStore|iPhone.Build.0 = Release|x86
		{DAF390B8-D0C7-4593-864E-B72281972384}.AppStore|iPhone.Deploy.0 = Release|x86
		{DAF390B8-D0C7-4593-864E-B72281972384}.AppStore|iPhoneSimulator.ActiveCfg = Release|x86
		{DAF390B8-D0C7-4593-864E-B72281972384}.AppStore|iPhoneSimulator.Build.0 = Release|x86
		{DAF390B8-D0C7-4593-864E-B72281972384}.AppStore|iPhoneSimulator.Deploy.0 = Release|x86
		{DAF390B8-D0C7-4593-864E-B72281972384}.AppStore|x64.ActiveCfg = Release|x64
		{DAF390B8-D0C7-4593-864E-B72281972384}.AppStore|x64.Build.0 = Release|x64
		{DAF390B8-D0C7-4593-864E-B72281972384}.AppStore|x64.Deploy.0 = Release|x64
		{DAF390B8-D0C7-4593-864E-B72281972384}.AppStore|x86.ActiveCfg = Release|x86
		{DAF390B8-D0C7-4593-864E-B72281972384}.AppStore|x86.Build.0 = Release|x86
		{DAF390B8-D0C7-4593-864E-B72281972384}.AppStore|x86.Deploy.0 = Release|x86
		{DAF390B8-D0C7-4593-864E-B72281972384}.Debug|Any CPU.ActiveCfg = Debug|x86
		{DAF390B8-D0C7-4593-864E-B72281972384}.Debug|Any CPU.Build.0 = Debug|x86
		{DAF390B8-D0C7-4593-864E-B72281972384}.Debug|Any CPU.Deploy.0 = Debug|x86
		{DAF390B8-D0C7-4593-864E-B72281972384}.Debug|ARM.ActiveCfg = Debug|ARM
		{DAF390B8-D0C7-4593-864E-B72281972384}.Debug|ARM.Build.0 = Debug|ARM
		{DAF390B8-D0C7-4593-864E-B72281972384}.Debug|ARM.Deploy.0 = Debug|ARM
		{DAF390B8-D0C7-4593-864E-B72281972384}.Debug|iPhone.ActiveCfg = Debug|x86
		{DAF390B8-D0C7-4593-864E-B72281972384}.Debug|iPhone.Build.0 = Debug|x86
		{DAF390B8-D0C7-4593-864E-B72281972384}.Debug|iPhone.Deploy.0 = Debug|x86
		{DAF390B8-D0C7-4593-864E-B72281972384}.Debug|iPhoneSimulator.ActiveCfg = Debug|x86
		{DAF390B8-D0C7-4593-864E-B72281972384}.Debug|iPhoneSimulator.Build.0 = Debug|x86
		{DAF390B8-D0C7-4593-864E-B72281972384}.Debug|iPhoneSimulator.Deploy.0 = Debug|x86
		{DAF390B8-D0C7-4593-864E-B72281972384}.Debug|x64.ActiveCfg = Debug|x64
		{DAF390B8-D0C7-4593-864E-B72281972384}.Debug|x64.Build.0 = Debug|x64
		{DAF390B8-D0C7-4593-864E-B72281972384}.Debug|x64.Deploy.0 = Debug|x64
		{DAF390B8-D0C7-4593-864E-B72281972384}.Debug|x86.ActiveCfg = Debug|x86
		{DAF390B8-D0C7-4593-864E-B72281972384}.Debug|x86.Build.0 = Debug|x86
		{DAF390B8-D0C7-4593-864E-B72281972384}.Debug|x86.Deploy.0 = Debug|x86
		{DAF390B8-D0C7-4593-864E-B72281972384}.Release|Any CPU.ActiveCfg = Release|x86
		{DAF390B8-D0C7-4593-864E-B72281972384}.Release|Any CPU.Build.0 = Release|x86
		{DAF390B8-D0C7-4593-864E-B72281972384}.Release|Any CPU.Deploy.0 = Release|x86
		{DAF390B8-D0C7-4593-864E-B72281972384}.Release|ARM.ActiveCfg = Release|ARM
		{DAF390B8-D0C7-4593-864E-B72281972384}.Release|ARM.Build.0 = Release|ARM
		{DAF390B8-D0C7-4593-864E-B72281972384}.Release|ARM.Deploy.0 = Release|ARM
		{DAF390B8-D0C7-4593-864E-B72281972384}.Release|iPhone.ActiveCfg = Release|x86
		{DAF390B8-D0C7-4593-864E-B72281972384}.Release|iPhone.Build.0 = Release|x86
		{DAF390B8-D0C7-4593-864E-B72281972384}.Release|iPhone.Deploy.0 = Release|x86
		{DAF390B8-D0C7-4593-864E-B72281972384}.Release|iPhoneSimulator.ActiveCfg = Release|x86
		{DAF390B8-D0C7-4593-864E-B72281972384}.Release|iPhoneSimulator.Build.0 = Release|x86
		{DAF390B8-D0C7-4593-864E-B72281972384}.Release|iPhoneSimulator.Deploy.0 = Release|x86
		{DAF390B8-D0C7-4593-864E-B72281972384}.Release|x64.ActiveCfg = Release|x64
		{DAF390B8-D0C7-4593-864E-B72281972384}.Release|x64.Build.0 = Release|x64
		{DAF390B8-D0C7-4593-864E-B72281972384}.Release|x64.Deploy.0 = Release|x64
		{DAF390B8-D0C7-4593-864E-B72281972384}.Release|x86.ActiveCfg = Release|x86
		{DAF390B8-D0C7-4593-864E-B72281972384}.Release|x86.Build.0 = Release|x86
		{DAF390B8-D0C7-4593-864E-B72281972384}.Release|x86.Deploy.0 = Release|x86
		{EEFB12AA-09DD-43B0-A238-6551A94C1EB5}.Ad-Hoc|Any CPU.ActiveCfg = Debug|Any CPU
		{EEFB12AA-09DD-43B0-A238-6551A94C1EB5}.Ad-Hoc|Any CPU.Build.0 = Debug|Any CPU
		{EEFB12AA-09DD-43B0-A238-6551A94C1EB5}.Ad-Hoc|Any CPU.Deploy.0 = Debug|Any CPU
		{EEFB12AA-09DD-43B0-A238-6551A94C1EB5}.Ad-Hoc|ARM.ActiveCfg = Debug|Any CPU
		{EEFB12AA-09DD-43B0-A238-6551A94C1EB5}.Ad-Hoc|ARM.Build.0 = Debug|Any CPU
		{EEFB12AA-09DD-43B0-A238-6551A94C1EB5}.Ad-Hoc|ARM.Deploy.0 = Debug|Any CPU
		{EEFB12AA-09DD-43B0-A238-6551A94C1EB5}.Ad-Hoc|iPhone.ActiveCfg = Debug|Any CPU
		{EEFB12AA-09DD-43B0-A238-6551A94C1EB5}.Ad-Hoc|iPhone.Build.0 = Debug|Any CPU
		{EEFB12AA-09DD-43B0-A238-6551A94C1EB5}.Ad-Hoc|iPhone.Deploy.0 = Debug|Any CPU
		{EEFB12AA-09DD-43B0-A238-6551A94C1EB5}.Ad-Hoc|iPhoneSimulator.ActiveCfg = Debug|Any CPU
		{EEFB12AA-09DD-43B0-A238-6551A94C1EB5}.Ad-Hoc|iPhoneSimulator.Build.0 = Debug|Any CPU
		{EEFB12AA-09DD-43B0-A238-6551A94C1EB5}.Ad-Hoc|iPhoneSimulator.Deploy.0 = Debug|Any CPU
		{EEFB12AA-09DD-43B0-A238-6551A94C1EB5}.Ad-Hoc|x64.ActiveCfg = Debug|Any CPU
		{EEFB12AA-09DD-43B0-A238-6551A94C1EB5}.Ad-Hoc|x64.Build.0 = Debug|Any CPU
		{EEFB12AA-09DD-43B0-A238-6551A94C1EB5}.Ad-Hoc|x64.Deploy.0 = Debug|Any CPU
		{EEFB12AA-09DD-43B0-A238-6551A94C1EB5}.Ad-Hoc|x86.ActiveCfg = Debug|Any CPU
		{EEFB12AA-09DD-43B0-A238-6551A94C1EB5}.Ad-Hoc|x86.Build.0 = Debug|Any CPU
		{EEFB12AA-09DD-43B0-A238-6551A94C1EB5}.Ad-Hoc|x86.Deploy.0 = Debug|Any CPU
		{EEFB12AA-09DD-43B0-A238-6551A94C1EB5}.AppStore|Any CPU.ActiveCfg = Debug|Any CPU
		{EEFB12AA-09DD-43B0-A238-6551A94C1EB5}.AppStore|Any CPU.Build.0 = Debug|Any CPU
		{EEFB12AA-09DD-43B0-A238-6551A94C1EB5}.AppStore|Any CPU.Deploy.0 = Debug|Any CPU
		{EEFB12AA-09DD-43B0-A238-6551A94C1EB5}.AppStore|ARM.ActiveCfg = Debug|Any CPU
		{EEFB12AA-09DD-43B0-A238-6551A94C1EB5}.AppStore|ARM.Build.0 = Debug|Any CPU
		{EEFB12AA-09DD-43B0-A238-6551A94C1EB5}.AppStore|ARM.Deploy.0 = Debug|Any CPU
		{EEFB12AA-09DD-43B0-A238-6551A94C1EB5}.AppStore|iPhone.ActiveCfg = Debug|Any CPU
		{EEFB12AA-09DD-43B0-A238-6551A94C1EB5}.AppStore|iPhone.Build.0 = Debug|Any CPU
		{EEFB12AA-09DD-43B0-A238-6551A94C1EB5}.AppStore|iPhone.Deploy.0 = Debug|Any CPU
		{EEFB12AA-09DD-43B0-A238-6551A94C1EB5}.AppStore|iPhoneSimulator.ActiveCfg = Debug|Any CPU
		{EEFB12AA-09DD-43B0-A238-6551A94C1EB5}.AppStore|iPhoneSimulator.Build.0 = Debug|Any CPU
		{EEFB12AA-09DD-43B0-A238-6551A94C1EB5}.AppStore|iPhoneSimulator.Deploy.0 = Debug|Any CPU
		{EEFB12AA-09DD-43B0-A238-6551A94C1EB5}.AppStore|x64.ActiveCfg = Debug|Any CPU
		{EEFB12AA-09DD-43B0-A238-6551A94C1EB5}.AppStore|x64.Build.0 = Debug|Any CPU
		{EEFB12AA-09DD-43B0-A238-6551A94C1EB5}.AppStore|x64.Deploy.0 = Debug|Any CPU
		{EEFB12AA-09DD-43B0-A238-6551A94C1EB5}.AppStore|x86.ActiveCfg = Debug|Any CPU
		{EEFB12AA-09DD-43B0-A238-6551A94C1EB5}.AppStore|x86.Build.0 = Debug|Any CPU
		{EEFB12AA-09DD-43B0-A238-6551A94C1EB5}.AppStore|x86.Deploy.0 = Debug|Any CPU
		{EEFB12AA-09DD-43B0-A238-6551A94C1EB5}.Debug|Any CPU.ActiveCfg = Debug|Any CPU
		{EEFB12AA-09DD-43B0-A238-6551A94C1EB5}.Debug|Any CPU.Build.0 = Debug|Any CPU
		{EEFB12AA-09DD-43B0-A238-6551A94C1EB5}.Debug|Any CPU.Deploy.0 = Debug|Any CPU
		{EEFB12AA-09DD-43B0-A238-6551A94C1EB5}.Debug|ARM.ActiveCfg = Debug|Any CPU
		{EEFB12AA-09DD-43B0-A238-6551A94C1EB5}.Debug|ARM.Build.0 = Debug|Any CPU
		{EEFB12AA-09DD-43B0-A238-6551A94C1EB5}.Debug|ARM.Deploy.0 = Debug|Any CPU
		{EEFB12AA-09DD-43B0-A238-6551A94C1EB5}.Debug|iPhone.ActiveCfg = Debug|Any CPU
		{EEFB12AA-09DD-43B0-A238-6551A94C1EB5}.Debug|iPhone.Build.0 = Debug|Any CPU
		{EEFB12AA-09DD-43B0-A238-6551A94C1EB5}.Debug|iPhone.Deploy.0 = Debug|Any CPU
		{EEFB12AA-09DD-43B0-A238-6551A94C1EB5}.Debug|iPhoneSimulator.ActiveCfg = Debug|Any CPU
		{EEFB12AA-09DD-43B0-A238-6551A94C1EB5}.Debug|iPhoneSimulator.Build.0 = Debug|Any CPU
		{EEFB12AA-09DD-43B0-A238-6551A94C1EB5}.Debug|iPhoneSimulator.Deploy.0 = Debug|Any CPU
		{EEFB12AA-09DD-43B0-A238-6551A94C1EB5}.Debug|x64.ActiveCfg = Debug|Any CPU
		{EEFB12AA-09DD-43B0-A238-6551A94C1EB5}.Debug|x64.Build.0 = Debug|Any CPU
		{EEFB12AA-09DD-43B0-A238-6551A94C1EB5}.Debug|x64.Deploy.0 = Debug|Any CPU
		{EEFB12AA-09DD-43B0-A238-6551A94C1EB5}.Debug|x86.ActiveCfg = Debug|Any CPU
		{EEFB12AA-09DD-43B0-A238-6551A94C1EB5}.Debug|x86.Build.0 = Debug|Any CPU
		{EEFB12AA-09DD-43B0-A238-6551A94C1EB5}.Debug|x86.Deploy.0 = Debug|Any CPU
		{EEFB12AA-09DD-43B0-A238-6551A94C1EB5}.Release|Any CPU.ActiveCfg = Release|Any CPU
		{EEFB12AA-09DD-43B0-A238-6551A94C1EB5}.Release|Any CPU.Build.0 = Release|Any CPU
		{EEFB12AA-09DD-43B0-A238-6551A94C1EB5}.Release|Any CPU.Deploy.0 = Release|Any CPU
		{EEFB12AA-09DD-43B0-A238-6551A94C1EB5}.Release|ARM.ActiveCfg = Release|Any CPU
		{EEFB12AA-09DD-43B0-A238-6551A94C1EB5}.Release|ARM.Build.0 = Release|Any CPU
		{EEFB12AA-09DD-43B0-A238-6551A94C1EB5}.Release|ARM.Deploy.0 = Release|Any CPU
		{EEFB12AA-09DD-43B0-A238-6551A94C1EB5}.Release|iPhone.ActiveCfg = Release|Any CPU
		{EEFB12AA-09DD-43B0-A238-6551A94C1EB5}.Release|iPhone.Build.0 = Release|Any CPU
		{EEFB12AA-09DD-43B0-A238-6551A94C1EB5}.Release|iPhone.Deploy.0 = Release|Any CPU
		{EEFB12AA-09DD-43B0-A238-6551A94C1EB5}.Release|iPhoneSimulator.ActiveCfg = Release|Any CPU
		{EEFB12AA-09DD-43B0-A238-6551A94C1EB5}.Release|iPhoneSimulator.Build.0 = Release|Any CPU
		{EEFB12AA-09DD-43B0-A238-6551A94C1EB5}.Release|iPhoneSimulator.Deploy.0 = Release|Any CPU
		{EEFB12AA-09DD-43B0-A238-6551A94C1EB5}.Release|x64.ActiveCfg = Release|Any CPU
		{EEFB12AA-09DD-43B0-A238-6551A94C1EB5}.Release|x64.Build.0 = Release|Any CPU
		{EEFB12AA-09DD-43B0-A238-6551A94C1EB5}.Release|x64.Deploy.0 = Release|Any CPU
		{EEFB12AA-09DD-43B0-A238-6551A94C1EB5}.Release|x86.ActiveCfg = Release|Any CPU
		{EEFB12AA-09DD-43B0-A238-6551A94C1EB5}.Release|x86.Build.0 = Release|Any CPU
		{EEFB12AA-09DD-43B0-A238-6551A94C1EB5}.Release|x86.Deploy.0 = Release|Any CPU
	EndGlobalSection
	GlobalSection(SolutionProperties) = preSolution
		HideSolutionNode = FALSE
	EndGlobalSection
	GlobalSection(ExtensibilityGlobals) = postSolution
		SolutionGuid = {73AEB24E-3564-45A4-846C-34A2731DD52B}
	EndGlobalSection
EndGlobal
