
Microsoft Visual Studio Solution File, Format Version 12.00
# Visual Studio 15
VisualStudioVersion = 15.0.28010.2036
MinimumVisualStudioVersion = 10.0.40219.1
Project("{FAE04EC0-301F-11D3-BF4B-00C04F79EFBC}") = "Mobile_Chart.Android", "Mobile_Chart\Mobile_Chart.Android\Mobile_Chart.Android.csproj", "{6D242494-0432-46F7-811D-F47E5A19A5D8}"
EndProject
Project("{FAE04EC0-301F-11D3-BF4B-00C04F79EFBC}") = "Mobile_Chart.iOS", "Mobile_Chart\Mobile_Chart.iOS\Mobile_Chart.iOS.csproj", "{240EE66B-BD72-47F0-9061-F8DE4BBEAFF0}"
EndProject
Project("{FAE04EC0-301F-11D3-BF4B-00C04F79EFBC}") = "Mobile_Chart.UWP", "Mobile_Chart\Mobile_Chart.UWP\Mobile_Chart.UWP.csproj", "{2E0A04C2-720A-4A34-894D-64792305CAC4}"
EndProject
Project("{FAE04EC0-301F-11D3-BF4B-00C04F79EFBC}") = "Mobile_Chart", "Mobile_Chart\Mobile_Chart\Mobile_Chart.csproj", "{2CA98EB8-AD10-4371-AA8F-8F4949E62651}"
EndProject
Global
	GlobalSection(SolutionConfigurationPlatforms) = preSolution
		Ad-Hoc|Any CPU = Ad-Hoc|Any CPU
		Ad-Hoc|ARM = Ad-Hoc|ARM
		Ad-Hoc|iPhone = Ad-Hoc|iPhone
		Ad-Hoc|iPhoneSimulator = Ad-Hoc|iPhoneSimulator
		Ad-Hoc|x64 = Ad-Hoc|x64
		Ad-Hoc|x86 = Ad-Hoc|x86
		AppStore|Any CPU = AppStore|Any CPU
		AppStore|ARM = AppStore|ARM
		AppStore|iPhone = AppStore|iPhone
		AppStore|iPhoneSimulator = AppStore|iPhoneSimulator
		AppStore|x64 = AppStore|x64
		AppStore|x86 = AppStore|x86
		Debug|Any CPU = Debug|Any CPU
		Debug|ARM = Debug|ARM
		Debug|iPhone = Debug|iPhone
		Debug|iPhoneSimulator = Debug|iPhoneSimulator
		Debug|x64 = Debug|x64
		Debug|x86 = Debug|x86
		Release|Any CPU = Release|Any CPU
		Release|ARM = Release|ARM
		Release|iPhone = Release|iPhone
		Release|iPhoneSimulator = Release|iPhoneSimulator
		Release|x64 = Release|x64
		Release|x86 = Release|x86
	EndGlobalSection
	GlobalSection(ProjectConfigurationPlatforms) = postSolution
		{6D242494-0432-46F7-811D-F47E5A19A5D8}.Ad-Hoc|Any CPU.ActiveCfg = Release|Any CPU
		{6D242494-0432-46F7-811D-F47E5A19A5D8}.Ad-Hoc|Any CPU.Build.0 = Release|Any CPU
		{6D242494-0432-46F7-811D-F47E5A19A5D8}.Ad-Hoc|Any CPU.Deploy.0 = Release|Any CPU
		{6D242494-0432-46F7-811D-F47E5A19A5D8}.Ad-Hoc|ARM.ActiveCfg = Release|Any CPU
		{6D242494-0432-46F7-811D-F47E5A19A5D8}.Ad-Hoc|ARM.Build.0 = Release|Any CPU
		{6D242494-0432-46F7-811D-F47E5A19A5D8}.Ad-Hoc|ARM.Deploy.0 = Release|Any CPU
		{6D242494-0432-46F7-811D-F47E5A19A5D8}.Ad-Hoc|iPhone.ActiveCfg = Release|Any CPU
		{6D242494-0432-46F7-811D-F47E5A19A5D8}.Ad-Hoc|iPhone.Build.0 = Release|Any CPU
		{6D242494-0432-46F7-811D-F47E5A19A5D8}.Ad-Hoc|iPhone.Deploy.0 = Release|Any CPU
		{6D242494-0432-46F7-811D-F47E5A19A5D8}.Ad-Hoc|iPhoneSimulator.ActiveCfg = Release|Any CPU
		{6D242494-0432-46F7-811D-F47E5A19A5D8}.Ad-Hoc|iPhoneSimulator.Build.0 = Release|Any CPU
		{6D242494-0432-46F7-811D-F47E5A19A5D8}.Ad-Hoc|iPhoneSimulator.Deploy.0 = Release|Any CPU
		{6D242494-0432-46F7-811D-F47E5A19A5D8}.Ad-Hoc|x64.ActiveCfg = Release|Any CPU
		{6D242494-0432-46F7-811D-F47E5A19A5D8}.Ad-Hoc|x64.Build.0 = Release|Any CPU
		{6D242494-0432-46F7-811D-F47E5A19A5D8}.Ad-Hoc|x64.Deploy.0 = Release|Any CPU
		{6D242494-0432-46F7-811D-F47E5A19A5D8}.Ad-Hoc|x86.ActiveCfg = Release|Any CPU
		{6D242494-0432-46F7-811D-F47E5A19A5D8}.Ad-Hoc|x86.Build.0 = Release|Any CPU
		{6D242494-0432-46F7-811D-F47E5A19A5D8}.Ad-Hoc|x86.Deploy.0 = Release|Any CPU
		{6D242494-0432-46F7-811D-F47E5A19A5D8}.AppStore|Any CPU.ActiveCfg = Release|Any CPU
		{6D242494-0432-46F7-811D-F47E5A19A5D8}.AppStore|Any CPU.Build.0 = Release|Any CPU
		{6D242494-0432-46F7-811D-F47E5A19A5D8}.AppStore|Any CPU.Deploy.0 = Release|Any CPU
		{6D242494-0432-46F7-811D-F47E5A19A5D8}.AppStore|ARM.ActiveCfg = Release|Any CPU
		{6D242494-0432-46F7-811D-F47E5A19A5D8}.AppStore|ARM.Build.0 = Release|Any CPU
		{6D242494-0432-46F7-811D-F47E5A19A5D8}.AppStore|ARM.Deploy.0 = Release|Any CPU
		{6D242494-0432-46F7-811D-F47E5A19A5D8}.AppStore|iPhone.ActiveCfg = Release|Any CPU
		{6D242494-0432-46F7-811D-F47E5A19A5D8}.AppStore|iPhone.Build.0 = Release|Any CPU
		{6D242494-0432-46F7-811D-F47E5A19A5D8}.AppStore|iPhone.Deploy.0 = Release|Any CPU
		{6D242494-0432-46F7-811D-F47E5A19A5D8}.AppStore|iPhoneSimulator.ActiveCfg = Release|Any CPU
		{6D242494-0432-46F7-811D-F47E5A19A5D8}.AppStore|iPhoneSimulator.Build.0 = Release|Any CPU
		{6D242494-0432-46F7-811D-F47E5A19A5D8}.AppStore|iPhoneSimulator.Deploy.0 = Release|Any CPU
		{6D242494-0432-46F7-811D-F47E5A19A5D8}.AppStore|x64.ActiveCfg = Release|Any CPU
		{6D242494-0432-46F7-811D-F47E5A19A5D8}.AppStore|x64.Build.0 = Release|Any CPU
		{6D242494-0432-46F7-811D-F47E5A19A5D8}.AppStore|x64.Deploy.0 = Release|Any CPU
		{6D242494-0432-46F7-811D-F47E5A19A5D8}.AppStore|x86.ActiveCfg = Release|Any CPU
		{6D242494-0432-46F7-811D-F47E5A19A5D8}.AppStore|x86.Build.0 = Release|Any CPU
		{6D242494-0432-46F7-811D-F47E5A19A5D8}.AppStore|x86.Deploy.0 = Release|Any CPU
		{6D242494-0432-46F7-811D-F47E5A19A5D8}.Debug|Any CPU.ActiveCfg = Debug|Any CPU
		{6D242494-0432-46F7-811D-F47E5A19A5D8}.Debug|Any CPU.Build.0 = Debug|Any CPU
		{6D242494-0432-46F7-811D-F47E5A19A5D8}.Debug|Any CPU.Deploy.0 = Debug|Any CPU
		{6D242494-0432-46F7-811D-F47E5A19A5D8}.Debug|ARM.ActiveCfg = Debug|Any CPU
		{6D242494-0432-46F7-811D-F47E5A19A5D8}.Debug|ARM.Build.0 = Debug|Any CPU
		{6D242494-0432-46F7-811D-F47E5A19A5D8}.Debug|ARM.Deploy.0 = Debug|Any CPU
		{6D242494-0432-46F7-811D-F47E5A19A5D8}.Debug|iPhone.ActiveCfg = Debug|Any CPU
		{6D242494-0432-46F7-811D-F47E5A19A5D8}.Debug|iPhone.Build.0 = Debug|Any CPU
		{6D242494-0432-46F7-811D-F47E5A19A5D8}.Debug|iPhone.Deploy.0 = Debug|Any CPU
		{6D242494-0432-46F7-811D-F47E5A19A5D8}.Debug|iPhoneSimulator.ActiveCfg = Debug|Any CPU
		{6D242494-0432-46F7-811D-F47E5A19A5D8}.Debug|iPhoneSimulator.Build.0 = Debug|Any CPU
		{6D242494-0432-46F7-811D-F47E5A19A5D8}.Debug|iPhoneSimulator.Deploy.0 = Debug|Any CPU
		{6D242494-0432-46F7-811D-F47E5A19A5D8}.Debug|x64.ActiveCfg = Debug|Any CPU
		{6D242494-0432-46F7-811D-F47E5A19A5D8}.Debug|x64.Build.0 = Debug|Any CPU
		{6D242494-0432-46F7-811D-F47E5A19A5D8}.Debug|x64.Deploy.0 = Debug|Any CPU
		{6D242494-0432-46F7-811D-F47E5A19A5D8}.Debug|x86.ActiveCfg = Debug|Any CPU
		{6D242494-0432-46F7-811D-F47E5A19A5D8}.Debug|x86.Build.0 = Debug|Any CPU
		{6D242494-0432-46F7-811D-F47E5A19A5D8}.Debug|x86.Deploy.0 = Debug|Any CPU
		{6D242494-0432-46F7-811D-F47E5A19A5D8}.Release|Any CPU.ActiveCfg = Release|Any CPU
		{6D242494-0432-46F7-811D-F47E5A19A5D8}.Release|Any CPU.Build.0 = Release|Any CPU
		{6D242494-0432-46F7-811D-F47E5A19A5D8}.Release|Any CPU.Deploy.0 = Release|Any CPU
		{6D242494-0432-46F7-811D-F47E5A19A5D8}.Release|ARM.ActiveCfg = Release|Any CPU
		{6D242494-0432-46F7-811D-F47E5A19A5D8}.Release|ARM.Build.0 = Release|Any CPU
		{6D242494-0432-46F7-811D-F47E5A19A5D8}.Release|ARM.Deploy.0 = Release|Any CPU
		{6D242494-0432-46F7-811D-F47E5A19A5D8}.Release|iPhone.ActiveCfg = Release|Any CPU
		{6D242494-0432-46F7-811D-F47E5A19A5D8}.Release|iPhone.Build.0 = Release|Any CPU
		{6D242494-0432-46F7-811D-F47E5A19A5D8}.Release|iPhone.Deploy.0 = Release|Any CPU
		{6D242494-0432-46F7-811D-F47E5A19A5D8}.Release|iPhoneSimulator.ActiveCfg = Release|Any CPU
		{6D242494-0432-46F7-811D-F47E5A19A5D8}.Release|iPhoneSimulator.Build.0 = Release|Any CPU
		{6D242494-0432-46F7-811D-F47E5A19A5D8}.Release|iPhoneSimulator.Deploy.0 = Release|Any CPU
		{6D242494-0432-46F7-811D-F47E5A19A5D8}.Release|x64.ActiveCfg = Release|Any CPU
		{6D242494-0432-46F7-811D-F47E5A19A5D8}.Release|x64.Build.0 = Release|Any CPU
		{6D242494-0432-46F7-811D-F47E5A19A5D8}.Release|x64.Deploy.0 = Release|Any CPU
		{6D242494-0432-46F7-811D-F47E5A19A5D8}.Release|x86.ActiveCfg = Release|Any CPU
		{6D242494-0432-46F7-811D-F47E5A19A5D8}.Release|x86.Build.0 = Release|Any CPU
		{6D242494-0432-46F7-811D-F47E5A19A5D8}.Release|x86.Deploy.0 = Release|Any CPU
		{240EE66B-BD72-47F0-9061-F8DE4BBEAFF0}.Ad-Hoc|Any CPU.ActiveCfg = Ad-Hoc|iPhone
		{240EE66B-BD72-47F0-9061-F8DE4BBEAFF0}.Ad-Hoc|Any CPU.Build.0 = Ad-Hoc|iPhone
		{240EE66B-BD72-47F0-9061-F8DE4BBEAFF0}.Ad-Hoc|Any CPU.Deploy.0 = Ad-Hoc|iPhone
		{240EE66B-BD72-47F0-9061-F8DE4BBEAFF0}.Ad-Hoc|ARM.ActiveCfg = Ad-Hoc|iPhone
		{240EE66B-BD72-47F0-9061-F8DE4BBEAFF0}.Ad-Hoc|ARM.Build.0 = Ad-Hoc|iPhone
		{240EE66B-BD72-47F0-9061-F8DE4BBEAFF0}.Ad-Hoc|ARM.Deploy.0 = Ad-Hoc|iPhone
		{240EE66B-BD72-47F0-9061-F8DE4BBEAFF0}.Ad-Hoc|iPhone.ActiveCfg = Ad-Hoc|iPhone
		{240EE66B-BD72-47F0-9061-F8DE4BBEAFF0}.Ad-Hoc|iPhone.Build.0 = Ad-Hoc|iPhone
		{240EE66B-BD72-47F0-9061-F8DE4BBEAFF0}.Ad-Hoc|iPhone.Deploy.0 = Ad-Hoc|iPhone
		{240EE66B-BD72-47F0-9061-F8DE4BBEAFF0}.Ad-Hoc|iPhoneSimulator.ActiveCfg = Ad-Hoc|iPhoneSimulator
		{240EE66B-BD72-47F0-9061-F8DE4BBEAFF0}.Ad-Hoc|iPhoneSimulator.Build.0 = Ad-Hoc|iPhoneSimulator
		{240EE66B-BD72-47F0-9061-F8DE4BBEAFF0}.Ad-Hoc|iPhoneSimulator.Deploy.0 = Ad-Hoc|iPhoneSimulator
		{240EE66B-BD72-47F0-9061-F8DE4BBEAFF0}.Ad-Hoc|x64.ActiveCfg = Ad-Hoc|iPhone
		{240EE66B-BD72-47F0-9061-F8DE4BBEAFF0}.Ad-Hoc|x64.Build.0 = Ad-Hoc|iPhone
		{240EE66B-BD72-47F0-9061-F8DE4BBEAFF0}.Ad-Hoc|x64.Deploy.0 = Ad-Hoc|iPhone
		{240EE66B-BD72-47F0-9061-F8DE4BBEAFF0}.Ad-Hoc|x86.ActiveCfg = Ad-Hoc|iPhone
		{240EE66B-BD72-47F0-9061-F8DE4BBEAFF0}.Ad-Hoc|x86.Build.0 = Ad-Hoc|iPhone
		{240EE66B-BD72-47F0-9061-F8DE4BBEAFF0}.Ad-Hoc|x86.Deploy.0 = Ad-Hoc|iPhone
		{240EE66B-BD72-47F0-9061-F8DE4BBEAFF0}.AppStore|Any CPU.ActiveCfg = AppStore|iPhone
		{240EE66B-BD72-47F0-9061-F8DE4BBEAFF0}.AppStore|Any CPU.Build.0 = AppStore|iPhone
		{240EE66B-BD72-47F0-9061-F8DE4BBEAFF0}.AppStore|Any CPU.Deploy.0 = AppStore|iPhone
		{240EE66B-BD72-47F0-9061-F8DE4BBEAFF0}.AppStore|ARM.ActiveCfg = AppStore|iPhone
		{240EE66B-BD72-47F0-9061-F8DE4BBEAFF0}.AppStore|ARM.Build.0 = AppStore|iPhone
		{240EE66B-BD72-47F0-9061-F8DE4BBEAFF0}.AppStore|ARM.Deploy.0 = AppStore|iPhone
		{240EE66B-BD72-47F0-9061-F8DE4BBEAFF0}.AppStore|iPhone.ActiveCfg = AppStore|iPhone
		{240EE66B-BD72-47F0-9061-F8DE4BBEAFF0}.AppStore|iPhone.Build.0 = AppStore|iPhone
		{240EE66B-BD72-47F0-9061-F8DE4BBEAFF0}.AppStore|iPhone.Deploy.0 = AppStore|iPhone
		{240EE66B-BD72-47F0-9061-F8DE4BBEAFF0}.AppStore|iPhoneSimulator.ActiveCfg = AppStore|iPhoneSimulator
		{240EE66B-BD72-47F0-9061-F8DE4BBEAFF0}.AppStore|iPhoneSimulator.Build.0 = AppStore|iPhoneSimulator
		{240EE66B-BD72-47F0-9061-F8DE4BBEAFF0}.AppStore|iPhoneSimulator.Deploy.0 = AppStore|iPhoneSimulator
		{240EE66B-BD72-47F0-9061-F8DE4BBEAFF0}.AppStore|x64.ActiveCfg = AppStore|iPhone
		{240EE66B-BD72-47F0-9061-F8DE4BBEAFF0}.AppStore|x64.Build.0 = AppStore|iPhone
		{240EE66B-BD72-47F0-9061-F8DE4BBEAFF0}.AppStore|x64.Deploy.0 = AppStore|iPhone
		{240EE66B-BD72-47F0-9061-F8DE4BBEAFF0}.AppStore|x86.ActiveCfg = AppStore|iPhone
		{240EE66B-BD72-47F0-9061-F8DE4BBEAFF0}.AppStore|x86.Build.0 = AppStore|iPhone
		{240EE66B-BD72-47F0-9061-F8DE4BBEAFF0}.AppStore|x86.Deploy.0 = AppStore|iPhone
		{240EE66B-BD72-47F0-9061-F8DE4BBEAFF0}.Debug|Any CPU.ActiveCfg = Debug|iPhoneSimulator
		{240EE66B-BD72-47F0-9061-F8DE4BBEAFF0}.Debug|Any CPU.Build.0 = Debug|iPhoneSimulator
		{240EE66B-BD72-47F0-9061-F8DE4BBEAFF0}.Debug|Any CPU.Deploy.0 = Debug|iPhoneSimulator
		{240EE66B-BD72-47F0-9061-F8DE4BBEAFF0}.Debug|ARM.ActiveCfg = Debug|iPhone
		{240EE66B-BD72-47F0-9061-F8DE4BBEAFF0}.Debug|ARM.Build.0 = Debug|iPhone
		{240EE66B-BD72-47F0-9061-F8DE4BBEAFF0}.Debug|ARM.Deploy.0 = Debug|iPhone
		{240EE66B-BD72-47F0-9061-F8DE4BBEAFF0}.Debug|iPhone.ActiveCfg = Debug|iPhone
		{240EE66B-BD72-47F0-9061-F8DE4BBEAFF0}.Debug|iPhone.Build.0 = Debug|iPhone
		{240EE66B-BD72-47F0-9061-F8DE4BBEAFF0}.Debug|iPhone.Deploy.0 = Debug|iPhone
		{240EE66B-BD72-47F0-9061-F8DE4BBEAFF0}.Debug|iPhoneSimulator.ActiveCfg = Debug|iPhoneSimulator
		{240EE66B-BD72-47F0-9061-F8DE4BBEAFF0}.Debug|iPhoneSimulator.Build.0 = Debug|iPhoneSimulator
		{240EE66B-BD72-47F0-9061-F8DE4BBEAFF0}.Debug|iPhoneSimulator.Deploy.0 = Debug|iPhoneSimulator
		{240EE66B-BD72-47F0-9061-F8DE4BBEAFF0}.Debug|x64.ActiveCfg = Debug|iPhone
		{240EE66B-BD72-47F0-9061-F8DE4BBEAFF0}.Debug|x64.Build.0 = Debug|iPhone
		{240EE66B-BD72-47F0-9061-F8DE4BBEAFF0}.Debug|x64.Deploy.0 = Debug|iPhone
		{240EE66B-BD72-47F0-9061-F8DE4BBEAFF0}.Debug|x86.ActiveCfg = Debug|iPhone
		{240EE66B-BD72-47F0-9061-F8DE4BBEAFF0}.Debug|x86.Build.0 = Debug|iPhone
		{240EE66B-BD72-47F0-9061-F8DE4BBEAFF0}.Debug|x86.Deploy.0 = Debug|iPhone
		{240EE66B-BD72-47F0-9061-F8DE4BBEAFF0}.Release|Any CPU.ActiveCfg = Release|iPhone
		{240EE66B-BD72-47F0-9061-F8DE4BBEAFF0}.Release|Any CPU.Build.0 = Release|iPhone
		{240EE66B-BD72-47F0-9061-F8DE4BBEAFF0}.Release|Any CPU.Deploy.0 = Release|iPhone
		{240EE66B-BD72-47F0-9061-F8DE4BBEAFF0}.Release|ARM.ActiveCfg = Release|iPhone
		{240EE66B-BD72-47F0-9061-F8DE4BBEAFF0}.Release|ARM.Build.0 = Release|iPhone
		{240EE66B-BD72-47F0-9061-F8DE4BBEAFF0}.Release|ARM.Deploy.0 = Release|iPhone
		{240EE66B-BD72-47F0-9061-F8DE4BBEAFF0}.Release|iPhone.ActiveCfg = Release|iPhone
		{240EE66B-BD72-47F0-9061-F8DE4BBEAFF0}.Release|iPhone.Build.0 = Release|iPhone
		{240EE66B-BD72-47F0-9061-F8DE4BBEAFF0}.Release|iPhone.Deploy.0 = Release|iPhone
		{240EE66B-BD72-47F0-9061-F8DE4BBEAFF0}.Release|iPhoneSimulator.ActiveCfg = Release|iPhoneSimulator
		{240EE66B-BD72-47F0-9061-F8DE4BBEAFF0}.Release|iPhoneSimulator.Build.0 = Release|iPhoneSimulator
		{240EE66B-BD72-47F0-9061-F8DE4BBEAFF0}.Release|iPhoneSimulator.Deploy.0 = Release|iPhoneSimulator
		{240EE66B-BD72-47F0-9061-F8DE4BBEAFF0}.Release|x64.ActiveCfg = Release|iPhone
		{240EE66B-BD72-47F0-9061-F8DE4BBEAFF0}.Release|x64.Build.0 = Release|iPhone
		{240EE66B-BD72-47F0-9061-F8DE4BBEAFF0}.Release|x64.Deploy.0 = Release|iPhone
		{240EE66B-BD72-47F0-9061-F8DE4BBEAFF0}.Release|x86.ActiveCfg = Release|iPhone
		{240EE66B-BD72-47F0-9061-F8DE4BBEAFF0}.Release|x86.Build.0 = Release|iPhone
		{240EE66B-BD72-47F0-9061-F8DE4BBEAFF0}.Release|x86.Deploy.0 = Release|iPhone
		{2E0A04C2-720A-4A34-894D-64792305CAC4}.Ad-Hoc|Any CPU.ActiveCfg = Release|x86
		{2E0A04C2-720A-4A34-894D-64792305CAC4}.Ad-Hoc|Any CPU.Build.0 = Release|x86
		{2E0A04C2-720A-4A34-894D-64792305CAC4}.Ad-Hoc|Any CPU.Deploy.0 = Release|x86
		{2E0A04C2-720A-4A34-894D-64792305CAC4}.Ad-Hoc|ARM.ActiveCfg = Release|ARM
		{2E0A04C2-720A-4A34-894D-64792305CAC4}.Ad-Hoc|ARM.Build.0 = Release|ARM
		{2E0A04C2-720A-4A34-894D-64792305CAC4}.Ad-Hoc|ARM.Deploy.0 = Release|ARM
		{2E0A04C2-720A-4A34-894D-64792305CAC4}.Ad-Hoc|iPhone.ActiveCfg = Release|x86
		{2E0A04C2-720A-4A34-894D-64792305CAC4}.Ad-Hoc|iPhone.Build.0 = Release|x86
		{2E0A04C2-720A-4A34-894D-64792305CAC4}.Ad-Hoc|iPhone.Deploy.0 = Release|x86
		{2E0A04C2-720A-4A34-894D-64792305CAC4}.Ad-Hoc|iPhoneSimulator.ActiveCfg = Release|x86
		{2E0A04C2-720A-4A34-894D-64792305CAC4}.Ad-Hoc|iPhoneSimulator.Build.0 = Release|x86
		{2E0A04C2-720A-4A34-894D-64792305CAC4}.Ad-Hoc|iPhoneSimulator.Deploy.0 = Release|x86
		{2E0A04C2-720A-4A34-894D-64792305CAC4}.Ad-Hoc|x64.ActiveCfg = Release|x64
		{2E0A04C2-720A-4A34-894D-64792305CAC4}.Ad-Hoc|x64.Build.0 = Release|x64
		{2E0A04C2-720A-4A34-894D-64792305CAC4}.Ad-Hoc|x64.Deploy.0 = Release|x64
		{2E0A04C2-720A-4A34-894D-64792305CAC4}.Ad-Hoc|x86.ActiveCfg = Release|x86
		{2E0A04C2-720A-4A34-894D-64792305CAC4}.Ad-Hoc|x86.Build.0 = Release|x86
		{2E0A04C2-720A-4A34-894D-64792305CAC4}.Ad-Hoc|x86.Deploy.0 = Release|x86
		{2E0A04C2-720A-4A34-894D-64792305CAC4}.AppStore|Any CPU.ActiveCfg = Release|x86
		{2E0A04C2-720A-4A34-894D-64792305CAC4}.AppStore|Any CPU.Build.0 = Release|x86
		{2E0A04C2-720A-4A34-894D-64792305CAC4}.AppStore|Any CPU.Deploy.0 = Release|x86
		{2E0A04C2-720A-4A34-894D-64792305CAC4}.AppStore|ARM.ActiveCfg = Release|ARM
		{2E0A04C2-720A-4A34-894D-64792305CAC4}.AppStore|ARM.Build.0 = Release|ARM
		{2E0A04C2-720A-4A34-894D-64792305CAC4}.AppStore|ARM.Deploy.0 = Release|ARM
		{2E0A04C2-720A-4A34-894D-64792305CAC4}.AppStore|iPhone.ActiveCfg = Release|x86
		{2E0A04C2-720A-4A34-894D-64792305CAC4}.AppStore|iPhone.Build.0 = Release|x86
		{2E0A04C2-720A-4A34-894D-64792305CAC4}.AppStore|iPhone.Deploy.0 = Release|x86
		{2E0A04C2-720A-4A34-894D-64792305CAC4}.AppStore|iPhoneSimulator.ActiveCfg = Release|x86
		{2E0A04C2-720A-4A34-894D-64792305CAC4}.AppStore|iPhoneSimulator.Build.0 = Release|x86
		{2E0A04C2-720A-4A34-894D-64792305CAC4}.AppStore|iPhoneSimulator.Deploy.0 = Release|x86
		{2E0A04C2-720A-4A34-894D-64792305CAC4}.AppStore|x64.ActiveCfg = Release|x64
		{2E0A04C2-720A-4A34-894D-64792305CAC4}.AppStore|x64.Build.0 = Release|x64
		{2E0A04C2-720A-4A34-894D-64792305CAC4}.AppStore|x64.Deploy.0 = Release|x64
		{2E0A04C2-720A-4A34-894D-64792305CAC4}.AppStore|x86.ActiveCfg = Release|x86
		{2E0A04C2-720A-4A34-894D-64792305CAC4}.AppStore|x86.Build.0 = Release|x86
		{2E0A04C2-720A-4A34-894D-64792305CAC4}.AppStore|x86.Deploy.0 = Release|x86
		{2E0A04C2-720A-4A34-894D-64792305CAC4}.Debug|Any CPU.ActiveCfg = Debug|x86
		{2E0A04C2-720A-4A34-894D-64792305CAC4}.Debug|Any CPU.Build.0 = Debug|x86
		{2E0A04C2-720A-4A34-894D-64792305CAC4}.Debug|Any CPU.Deploy.0 = Debug|x86
		{2E0A04C2-720A-4A34-894D-64792305CAC4}.Debug|ARM.ActiveCfg = Debug|ARM
		{2E0A04C2-720A-4A34-894D-64792305CAC4}.Debug|ARM.Build.0 = Debug|ARM
		{2E0A04C2-720A-4A34-894D-64792305CAC4}.Debug|ARM.Deploy.0 = Debug|ARM
		{2E0A04C2-720A-4A34-894D-64792305CAC4}.Debug|iPhone.ActiveCfg = Debug|x86
		{2E0A04C2-720A-4A34-894D-64792305CAC4}.Debug|iPhone.Build.0 = Debug|x86
		{2E0A04C2-720A-4A34-894D-64792305CAC4}.Debug|iPhone.Deploy.0 = Debug|x86
		{2E0A04C2-720A-4A34-894D-64792305CAC4}.Debug|iPhoneSimulator.ActiveCfg = Debug|x86
		{2E0A04C2-720A-4A34-894D-64792305CAC4}.Debug|iPhoneSimulator.Build.0 = Debug|x86
		{2E0A04C2-720A-4A34-894D-64792305CAC4}.Debug|iPhoneSimulator.Deploy.0 = Debug|x86
		{2E0A04C2-720A-4A34-894D-64792305CAC4}.Debug|x64.ActiveCfg = Debug|x64
		{2E0A04C2-720A-4A34-894D-64792305CAC4}.Debug|x64.Build.0 = Debug|x64
		{2E0A04C2-720A-4A34-894D-64792305CAC4}.Debug|x64.Deploy.0 = Debug|x64
		{2E0A04C2-720A-4A34-894D-64792305CAC4}.Debug|x86.ActiveCfg = Debug|x86
		{2E0A04C2-720A-4A34-894D-64792305CAC4}.Debug|x86.Build.0 = Debug|x86
		{2E0A04C2-720A-4A34-894D-64792305CAC4}.Debug|x86.Deploy.0 = Debug|x86
		{2E0A04C2-720A-4A34-894D-64792305CAC4}.Release|Any CPU.ActiveCfg = Release|x86
		{2E0A04C2-720A-4A34-894D-64792305CAC4}.Release|Any CPU.Build.0 = Release|x86
		{2E0A04C2-720A-4A34-894D-64792305CAC4}.Release|Any CPU.Deploy.0 = Release|x86
		{2E0A04C2-720A-4A34-894D-64792305CAC4}.Release|ARM.ActiveCfg = Release|ARM
		{2E0A04C2-720A-4A34-894D-64792305CAC4}.Release|ARM.Build.0 = Release|ARM
		{2E0A04C2-720A-4A34-894D-64792305CAC4}.Release|ARM.Deploy.0 = Release|ARM
		{2E0A04C2-720A-4A34-894D-64792305CAC4}.Release|iPhone.ActiveCfg = Release|x86
		{2E0A04C2-720A-4A34-894D-64792305CAC4}.Release|iPhone.Build.0 = Release|x86
		{2E0A04C2-720A-4A34-894D-64792305CAC4}.Release|iPhone.Deploy.0 = Release|x86
		{2E0A04C2-720A-4A34-894D-64792305CAC4}.Release|iPhoneSimulator.ActiveCfg = Release|x86
		{2E0A04C2-720A-4A34-894D-64792305CAC4}.Release|iPhoneSimulator.Build.0 = Release|x86
		{2E0A04C2-720A-4A34-894D-64792305CAC4}.Release|iPhoneSimulator.Deploy.0 = Release|x86
		{2E0A04C2-720A-4A34-894D-64792305CAC4}.Release|x64.ActiveCfg = Release|x64
		{2E0A04C2-720A-4A34-894D-64792305CAC4}.Release|x64.Build.0 = Release|x64
		{2E0A04C2-720A-4A34-894D-64792305CAC4}.Release|x64.Deploy.0 = Release|x64
		{2E0A04C2-720A-4A34-894D-64792305CAC4}.Release|x86.ActiveCfg = Release|x86
		{2E0A04C2-720A-4A34-894D-64792305CAC4}.Release|x86.Build.0 = Release|x86
		{2E0A04C2-720A-4A34-894D-64792305CAC4}.Release|x86.Deploy.0 = Release|x86
		{2CA98EB8-AD10-4371-AA8F-8F4949E62651}.Ad-Hoc|Any CPU.ActiveCfg = Debug|Any CPU
		{2CA98EB8-AD10-4371-AA8F-8F4949E62651}.Ad-Hoc|Any CPU.Build.0 = Debug|Any CPU
		{2CA98EB8-AD10-4371-AA8F-8F4949E62651}.Ad-Hoc|Any CPU.Deploy.0 = Debug|Any CPU
		{2CA98EB8-AD10-4371-AA8F-8F4949E62651}.Ad-Hoc|ARM.ActiveCfg = Debug|Any CPU
		{2CA98EB8-AD10-4371-AA8F-8F4949E62651}.Ad-Hoc|ARM.Build.0 = Debug|Any CPU
		{2CA98EB8-AD10-4371-AA8F-8F4949E62651}.Ad-Hoc|ARM.Deploy.0 = Debug|Any CPU
		{2CA98EB8-AD10-4371-AA8F-8F4949E62651}.Ad-Hoc|iPhone.ActiveCfg = Debug|Any CPU
		{2CA98EB8-AD10-4371-AA8F-8F4949E62651}.Ad-Hoc|iPhone.Build.0 = Debug|Any CPU
		{2CA98EB8-AD10-4371-AA8F-8F4949E62651}.Ad-Hoc|iPhone.Deploy.0 = Debug|Any CPU
		{2CA98EB8-AD10-4371-AA8F-8F4949E62651}.Ad-Hoc|iPhoneSimulator.ActiveCfg = Debug|Any CPU
		{2CA98EB8-AD10-4371-AA8F-8F4949E62651}.Ad-Hoc|iPhoneSimulator.Build.0 = Debug|Any CPU
		{2CA98EB8-AD10-4371-AA8F-8F4949E62651}.Ad-Hoc|iPhoneSimulator.Deploy.0 = Debug|Any CPU
		{2CA98EB8-AD10-4371-AA8F-8F4949E62651}.Ad-Hoc|x64.ActiveCfg = Debug|Any CPU
		{2CA98EB8-AD10-4371-AA8F-8F4949E62651}.Ad-Hoc|x64.Build.0 = Debug|Any CPU
		{2CA98EB8-AD10-4371-AA8F-8F4949E62651}.Ad-Hoc|x64.Deploy.0 = Debug|Any CPU
		{2CA98EB8-AD10-4371-AA8F-8F4949E62651}.Ad-Hoc|x86.ActiveCfg = Debug|Any CPU
		{2CA98EB8-AD10-4371-AA8F-8F4949E62651}.Ad-Hoc|x86.Build.0 = Debug|Any CPU
		{2CA98EB8-AD10-4371-AA8F-8F4949E62651}.Ad-Hoc|x86.Deploy.0 = Debug|Any CPU
		{2CA98EB8-AD10-4371-AA8F-8F4949E62651}.AppStore|Any CPU.ActiveCfg = Debug|Any CPU
		{2CA98EB8-AD10-4371-AA8F-8F4949E62651}.AppStore|Any CPU.Build.0 = Debug|Any CPU
		{2CA98EB8-AD10-4371-AA8F-8F4949E62651}.AppStore|Any CPU.Deploy.0 = Debug|Any CPU
		{2CA98EB8-AD10-4371-AA8F-8F4949E62651}.AppStore|ARM.ActiveCfg = Debug|Any CPU
		{2CA98EB8-AD10-4371-AA8F-8F4949E62651}.AppStore|ARM.Build.0 = Debug|Any CPU
		{2CA98EB8-AD10-4371-AA8F-8F4949E62651}.AppStore|ARM.Deploy.0 = Debug|Any CPU
		{2CA98EB8-AD10-4371-AA8F-8F4949E62651}.AppStore|iPhone.ActiveCfg = Debug|Any CPU
		{2CA98EB8-AD10-4371-AA8F-8F4949E62651}.AppStore|iPhone.Build.0 = Debug|Any CPU
		{2CA98EB8-AD10-4371-AA8F-8F4949E62651}.AppStore|iPhone.Deploy.0 = Debug|Any CPU
		{2CA98EB8-AD10-4371-AA8F-8F4949E62651}.AppStore|iPhoneSimulator.ActiveCfg = Debug|Any CPU
		{2CA98EB8-AD10-4371-AA8F-8F4949E62651}.AppStore|iPhoneSimulator.Build.0 = Debug|Any CPU
		{2CA98EB8-AD10-4371-AA8F-8F4949E62651}.AppStore|iPhoneSimulator.Deploy.0 = Debug|Any CPU
		{2CA98EB8-AD10-4371-AA8F-8F4949E62651}.AppStore|x64.ActiveCfg = Debug|Any CPU
		{2CA98EB8-AD10-4371-AA8F-8F4949E62651}.AppStore|x64.Build.0 = Debug|Any CPU
		{2CA98EB8-AD10-4371-AA8F-8F4949E62651}.AppStore|x64.Deploy.0 = Debug|Any CPU
		{2CA98EB8-AD10-4371-AA8F-8F4949E62651}.AppStore|x86.ActiveCfg = Debug|Any CPU
		{2CA98EB8-AD10-4371-AA8F-8F4949E62651}.AppStore|x86.Build.0 = Debug|Any CPU
		{2CA98EB8-AD10-4371-AA8F-8F4949E62651}.AppStore|x86.Deploy.0 = Debug|Any CPU
		{2CA98EB8-AD10-4371-AA8F-8F4949E62651}.Debug|Any CPU.ActiveCfg = Debug|Any CPU
		{2CA98EB8-AD10-4371-AA8F-8F4949E62651}.Debug|Any CPU.Build.0 = Debug|Any CPU
		{2CA98EB8-AD10-4371-AA8F-8F4949E62651}.Debug|Any CPU.Deploy.0 = Debug|Any CPU
		{2CA98EB8-AD10-4371-AA8F-8F4949E62651}.Debug|ARM.ActiveCfg = Debug|Any CPU
		{2CA98EB8-AD10-4371-AA8F-8F4949E62651}.Debug|ARM.Build.0 = Debug|Any CPU
		{2CA98EB8-AD10-4371-AA8F-8F4949E62651}.Debug|ARM.Deploy.0 = Debug|Any CPU
		{2CA98EB8-AD10-4371-AA8F-8F4949E62651}.Debug|iPhone.ActiveCfg = Debug|Any CPU
		{2CA98EB8-AD10-4371-AA8F-8F4949E62651}.Debug|iPhone.Build.0 = Debug|Any CPU
		{2CA98EB8-AD10-4371-AA8F-8F4949E62651}.Debug|iPhone.Deploy.0 = Debug|Any CPU
		{2CA98EB8-AD10-4371-AA8F-8F4949E62651}.Debug|iPhoneSimulator.ActiveCfg = Debug|Any CPU
		{2CA98EB8-AD10-4371-AA8F-8F4949E62651}.Debug|iPhoneSimulator.Build.0 = Debug|Any CPU
		{2CA98EB8-AD10-4371-AA8F-8F4949E62651}.Debug|iPhoneSimulator.Deploy.0 = Debug|Any CPU
		{2CA98EB8-AD10-4371-AA8F-8F4949E62651}.Debug|x64.ActiveCfg = Debug|Any CPU
		{2CA98EB8-AD10-4371-AA8F-8F4949E62651}.Debug|x64.Build.0 = Debug|Any CPU
		{2CA98EB8-AD10-4371-AA8F-8F4949E62651}.Debug|x64.Deploy.0 = Debug|Any CPU
		{2CA98EB8-AD10-4371-AA8F-8F4949E62651}.Debug|x86.ActiveCfg = Debug|Any CPU
		{2CA98EB8-AD10-4371-AA8F-8F4949E62651}.Debug|x86.Build.0 = Debug|Any CPU
		{2CA98EB8-AD10-4371-AA8F-8F4949E62651}.Debug|x86.Deploy.0 = Debug|Any CPU
		{2CA98EB8-AD10-4371-AA8F-8F4949E62651}.Release|Any CPU.ActiveCfg = Release|Any CPU
		{2CA98EB8-AD10-4371-AA8F-8F4949E62651}.Release|Any CPU.Build.0 = Release|Any CPU
		{2CA98EB8-AD10-4371-AA8F-8F4949E62651}.Release|Any CPU.Deploy.0 = Release|Any CPU
		{2CA98EB8-AD10-4371-AA8F-8F4949E62651}.Release|ARM.ActiveCfg = Release|Any CPU
		{2CA98EB8-AD10-4371-AA8F-8F4949E62651}.Release|ARM.Build.0 = Release|Any CPU
		{2CA98EB8-AD10-4371-AA8F-8F4949E62651}.Release|ARM.Deploy.0 = Release|Any CPU
		{2CA98EB8-AD10-4371-AA8F-8F4949E62651}.Release|iPhone.ActiveCfg = Release|Any CPU
		{2CA98EB8-AD10-4371-AA8F-8F4949E62651}.Release|iPhone.Build.0 = Release|Any CPU
		{2CA98EB8-AD10-4371-AA8F-8F4949E62651}.Release|iPhone.Deploy.0 = Release|Any CPU
		{2CA98EB8-AD10-4371-AA8F-8F4949E62651}.Release|iPhoneSimulator.ActiveCfg = Release|Any CPU
		{2CA98EB8-AD10-4371-AA8F-8F4949E62651}.Release|iPhoneSimulator.Build.0 = Release|Any CPU
		{2CA98EB8-AD10-4371-AA8F-8F4949E62651}.Release|iPhoneSimulator.Deploy.0 = Release|Any CPU
		{2CA98EB8-AD10-4371-AA8F-8F4949E62651}.Release|x64.ActiveCfg = Release|Any CPU
		{2CA98EB8-AD10-4371-AA8F-8F4949E62651}.Release|x64.Build.0 = Release|Any CPU
		{2CA98EB8-AD10-4371-AA8F-8F4949E62651}.Release|x64.Deploy.0 = Release|Any CPU
		{2CA98EB8-AD10-4371-AA8F-8F4949E62651}.Release|x86.ActiveCfg = Release|Any CPU
		{2CA98EB8-AD10-4371-AA8F-8F4949E62651}.Release|x86.Build.0 = Release|Any CPU
		{2CA98EB8-AD10-4371-AA8F-8F4949E62651}.Release|x86.Deploy.0 = Release|Any CPU
	EndGlobalSection
	GlobalSection(SolutionProperties) = preSolution
		HideSolutionNode = FALSE
	EndGlobalSection
	GlobalSection(ExtensibilityGlobals) = postSolution
		SolutionGuid = {17C02624-DB44-4FA8-AAF9-E024840D0104}
	EndGlobalSection
EndGlobal
